
Microsoft Visual Studio Solution File, Format Version 12.00
# Visual Studio Version 16
VisualStudioVersion = 16.0.31515.178
MinimumVisualStudioVersion = 10.0.40219.1
Project("{8BC9CEB8-8B4A-11D0-8D11-00A0C91BC942}") = "G217", "VA.vcxproj", "{04A02340-A287-4415-A47A-957539196858}"
EndProject
Project("{8BC9CEB8-8B4A-11D0-8D11-00A0C91BC942}") = "Test", "Test\Test.vcxproj", "{E5AB92F7-0DB5-4D75-ADEB-442AC0F567CB}"
EndProject
Project("{8BC9CEB8-8B4A-11D0-8D11-00A0C91BC942}") = "CommonCore", "CommonCore\CommonCore.vcxproj", "{F5C781DB-E6B2-4C53-B017-FA04E726B80D}"
EndProject
Project("{8BC9CEB8-8B4A-11D0-8D11-00A0C91BC942}") = "Common", "Common\Common.vcxproj", "{7B088006-8058-411C-9C2F-D53B6DFA1758}"
EndProject
Project("{8BC9CEB8-8B4A-11D0-8D11-00A0C91BC942}") = "vtksys", "ThirdPartyProject\vtksys\vtksys.vcxproj", "{2B5A974F-05A4-40DB-B11A-2A14B45E986D}"
EndProject
Project("{8BC9CEB8-8B4A-11D0-8D11-00A0C91BC942}") = "pugixml", "ThirdPartyProject\pugixml\pugixml.vcxproj", "{7CB342EC-129C-4E80-B8C7-67683C33E110}"
EndProject
Project("{8BC9CEB8-8B4A-11D0-8D11-00A0C91BC942}") = "token", "ThirdPartyProject\token\token.vcxproj", "{51931DF1-C5A8-4A88-BFFE-7D5BFB637C77}"
EndProject
Project("{8BC9CEB8-8B4A-11D0-8D11-00A0C91BC942}") = "glad", "ThirdPartyProject\glad\glad.vcxproj", "{B5A7352E-53C9-4FC4-9251-BCF19E4FCDAD}"
EndProject
Project("{8BC9CEB8-8B4A-11D0-8D11-00A0C91BC942}") = "jpeg", "ThirdPartyProject\jpeg\jpeg.vcxproj", "{319D2A93-024C-4D67-8308-E4961E82CCCF}"
EndProject
Project("{8BC9CEB8-8B4A-11D0-8D11-00A0C91BC942}") = "MC", "MC\MC.vcxproj", "{BF96C139-9127-461C-A8BF-CEDAD148E33B}"
EndProject
Global
	GlobalSection(SolutionConfigurationPlatforms) = preSolution
		Debug|x64 = Debug|x64
		Debug|x86 = Debug|x86
		Release|x64 = Release|x64
		Release|x86 = Release|x86
	EndGlobalSection
	GlobalSection(ProjectConfigurationPlatforms) = postSolution
		{04A02340-A287-4415-A47A-957539196858}.Debug|x64.ActiveCfg = Debug|x64
		{04A02340-A287-4415-A47A-957539196858}.Debug|x64.Build.0 = Debug|x64
		{04A02340-A287-4415-A47A-957539196858}.Debug|x86.ActiveCfg = Debug|Win32
		{04A02340-A287-4415-A47A-957539196858}.Debug|x86.Build.0 = Debug|Win32
		{04A02340-A287-4415-A47A-957539196858}.Release|x64.ActiveCfg = Release|x64
		{04A02340-A287-4415-A47A-957539196858}.Release|x64.Build.0 = Release|x64
		{04A02340-A287-4415-A47A-957539196858}.Release|x86.ActiveCfg = Release|Win32
		{04A02340-A287-4415-A47A-957539196858}.Release|x86.Build.0 = Release|Win32
		{E5AB92F7-0DB5-4D75-ADEB-442AC0F567CB}.Debug|x64.ActiveCfg = Debug|x64
		{E5AB92F7-0DB5-4D75-ADEB-442AC0F567CB}.Debug|x64.Build.0 = Debug|x64
		{E5AB92F7-0DB5-4D75-ADEB-442AC0F567CB}.Debug|x86.ActiveCfg = Debug|Win32
		{E5AB92F7-0DB5-4D75-ADEB-442AC0F567CB}.Debug|x86.Build.0 = Debug|Win32
		{E5AB92F7-0DB5-4D75-ADEB-442AC0F567CB}.Release|x64.ActiveCfg = Release|x64
		{E5AB92F7-0DB5-4D75-ADEB-442AC0F567CB}.Release|x64.Build.0 = Release|x64
		{E5AB92F7-0DB5-4D75-ADEB-442AC0F567CB}.Release|x86.ActiveCfg = Release|Win32
		{E5AB92F7-0DB5-4D75-ADEB-442AC0F567CB}.Release|x86.Build.0 = Release|Win32
		{F5C781DB-E6B2-4C53-B017-FA04E726B80D}.Debug|x64.ActiveCfg = Debug|x64
		{F5C781DB-E6B2-4C53-B017-FA04E726B80D}.Debug|x64.Build.0 = Debug|x64
		{F5C781DB-E6B2-4C53-B017-FA04E726B80D}.Debug|x86.ActiveCfg = Debug|Win32
		{F5C781DB-E6B2-4C53-B017-FA04E726B80D}.Debug|x86.Build.0 = Debug|Win32
		{F5C781DB-E6B2-4C53-B017-FA04E726B80D}.Release|x64.ActiveCfg = Release|x64
		{F5C781DB-E6B2-4C53-B017-FA04E726B80D}.Release|x64.Build.0 = Release|x64
		{F5C781DB-E6B2-4C53-B017-FA04E726B80D}.Release|x86.ActiveCfg = Release|Win32
		{F5C781DB-E6B2-4C53-B017-FA04E726B80D}.Release|x86.Build.0 = Release|Win32
		{7B088006-8058-411C-9C2F-D53B6DFA1758}.Debug|x64.ActiveCfg = Debug|x64
		{7B088006-8058-411C-9C2F-D53B6DFA1758}.Debug|x64.Build.0 = Debug|x64
		{7B088006-8058-411C-9C2F-D53B6DFA1758}.Debug|x86.ActiveCfg = Debug|Win32
		{7B088006-8058-411C-9C2F-D53B6DFA1758}.Debug|x86.Build.0 = Debug|Win32
		{7B088006-8058-411C-9C2F-D53B6DFA1758}.Release|x64.ActiveCfg = Release|x64
		{7B088006-8058-411C-9C2F-D53B6DFA1758}.Release|x64.Build.0 = Release|x64
		{7B088006-8058-411C-9C2F-D53B6DFA1758}.Release|x86.ActiveCfg = Release|Win32
		{7B088006-8058-411C-9C2F-D53B6DFA1758}.Release|x86.Build.0 = Release|Win32
		{2B5A974F-05A4-40DB-B11A-2A14B45E986D}.Debug|x64.ActiveCfg = Debug|x64
		{2B5A974F-05A4-40DB-B11A-2A14B45E986D}.Debug|x64.Build.0 = Debug|x64
		{2B5A974F-05A4-40DB-B11A-2A14B45E986D}.Debug|x86.ActiveCfg = Debug|Win32
		{2B5A974F-05A4-40DB-B11A-2A14B45E986D}.Debug|x86.Build.0 = Debug|Win32
		{2B5A974F-05A4-40DB-B11A-2A14B45E986D}.Release|x64.ActiveCfg = Release|x64
		{2B5A974F-05A4-40DB-B11A-2A14B45E986D}.Release|x64.Build.0 = Release|x64
		{2B5A974F-05A4-40DB-B11A-2A14B45E986D}.Release|x86.ActiveCfg = Release|Win32
		{2B5A974F-05A4-40DB-B11A-2A14B45E986D}.Release|x86.Build.0 = Release|Win32
		{7CB342EC-129C-4E80-B8C7-67683C33E110}.Debug|x64.ActiveCfg = Debug|x64
		{7CB342EC-129C-4E80-B8C7-67683C33E110}.Debug|x64.Build.0 = Debug|x64
		{7CB342EC-129C-4E80-B8C7-67683C33E110}.Debug|x86.ActiveCfg = Debug|Win32
		{7CB342EC-129C-4E80-B8C7-67683C33E110}.Debug|x86.Build.0 = Debug|Win32
		{7CB342EC-129C-4E80-B8C7-67683C33E110}.Release|x64.ActiveCfg = Release|x64
		{7CB342EC-129C-4E80-B8C7-67683C33E110}.Release|x64.Build.0 = Release|x64
		{7CB342EC-129C-4E80-B8C7-67683C33E110}.Release|x86.ActiveCfg = Release|Win32
		{7CB342EC-129C-4E80-B8C7-67683C33E110}.Release|x86.Build.0 = Release|Win32
		{51931DF1-C5A8-4A88-BFFE-7D5BFB637C77}.Debug|x64.ActiveCfg = Debug|x64
		{51931DF1-C5A8-4A88-BFFE-7D5BFB637C77}.Debug|x64.Build.0 = Debug|x64
		{51931DF1-C5A8-4A88-BFFE-7D5BFB637C77}.Debug|x86.ActiveCfg = Debug|Win32
		{51931DF1-C5A8-4A88-BFFE-7D5BFB637C77}.Debug|x86.Build.0 = Debug|Win32
		{51931DF1-C5A8-4A88-BFFE-7D5BFB637C77}.Release|x64.ActiveCfg = Release|x64
		{51931DF1-C5A8-4A88-BFFE-7D5BFB637C77}.Release|x64.Build.0 = Release|x64
		{51931DF1-C5A8-4A88-BFFE-7D5BFB637C77}.Release|x86.ActiveCfg = Release|Win32
		{51931DF1-C5A8-4A88-BFFE-7D5BFB637C77}.Release|x86.Build.0 = Release|Win32
		{B5A7352E-53C9-4FC4-9251-BCF19E4FCDAD}.Debug|x64.ActiveCfg = Debug|x64
		{B5A7352E-53C9-4FC4-9251-BCF19E4FCDAD}.Debug|x64.Build.0 = Debug|x64
		{B5A7352E-53C9-4FC4-9251-BCF19E4FCDAD}.Debug|x86.ActiveCfg = Debug|Win32
		{B5A7352E-53C9-4FC4-9251-BCF19E4FCDAD}.Debug|x86.Build.0 = Debug|Win32
		{B5A7352E-53C9-4FC4-9251-BCF19E4FCDAD}.Release|x64.ActiveCfg = Release|x64
		{B5A7352E-53C9-4FC4-9251-BCF19E4FCDAD}.Release|x64.Build.0 = Release|x64
		{B5A7352E-53C9-4FC4-9251-BCF19E4FCDAD}.Release|x86.ActiveCfg = Release|Win32
		{B5A7352E-53C9-4FC4-9251-BCF19E4FCDAD}.Release|x86.Build.0 = Release|Win32
		{319D2A93-024C-4D67-8308-E4961E82CCCF}.Debug|x64.ActiveCfg = Debug|x64
		{319D2A93-024C-4D67-8308-E4961E82CCCF}.Debug|x64.Build.0 = Debug|x64
		{319D2A93-024C-4D67-8308-E4961E82CCCF}.Debug|x86.ActiveCfg = Debug|Win32
		{319D2A93-024C-4D67-8308-E4961E82CCCF}.Debug|x86.Build.0 = Debug|Win32
		{319D2A93-024C-4D67-8308-E4961E82CCCF}.Release|x64.ActiveCfg = Release|x64
		{319D2A93-024C-4D67-8308-E4961E82CCCF}.Release|x64.Build.0 = Release|x64
		{319D2A93-024C-4D67-8308-E4961E82CCCF}.Release|x86.ActiveCfg = Release|Win32
		{319D2A93-024C-4D67-8308-E4961E82CCCF}.Release|x86.Build.0 = Release|Win32
		{BF96C139-9127-461C-A8BF-CEDAD148E33B}.Debug|x64.ActiveCfg = Debug|x64
		{BF96C139-9127-461C-A8BF-CEDAD148E33B}.Debug|x64.Build.0 = Debug|x64
		{BF96C139-9127-461C-A8BF-CEDAD148E33B}.Debug|x86.ActiveCfg = Debug|Win32
		{BF96C139-9127-461C-A8BF-CEDAD148E33B}.Debug|x86.Build.0 = Debug|Win32
		{BF96C139-9127-461C-A8BF-CEDAD148E33B}.Release|x64.ActiveCfg = Release|x64
		{BF96C139-9127-461C-A8BF-CEDAD148E33B}.Release|x64.Build.0 = Release|x64
		{BF96C139-9127-461C-A8BF-CEDAD148E33B}.Release|x86.ActiveCfg = Release|Win32
		{BF96C139-9127-461C-A8BF-CEDAD148E33B}.Release|x86.Build.0 = Release|Win32
	EndGlobalSection
	GlobalSection(SolutionProperties) = preSolution
		HideSolutionNode = FALSE
	EndGlobalSection
	GlobalSection(ExtensibilityGlobals) = postSolution
		SolutionGuid = {E1F6AB4B-6B07-4ED7-94B4-58D8B93E77CB}
	EndGlobalSection
EndGlobal
