<?xml version="1.0" encoding="utf-8"?>
<Project ToolsVersion="4.0" xmlns="http://schemas.microsoft.com/developer/msbuild/2003">
  <ItemGroup>
    <Filter Include="Source Files">
      <UniqueIdentifier>{4FC737F1-C7A5-4376-A066-2A32D752A2FF}</UniqueIdentifier>
      <Extensions>cpp;c;cc;cxx;c++;cppm;ixx;def;odl;idl;hpj;bat;asm;asmx</Extensions>
    </Filter>
    <Filter Include="Header Files">
      <UniqueIdentifier>{93995380-89BD-4b04-88EB-625FBE52EBFB}</UniqueIdentifier>
      <Extensions>h;hh;hpp;hxx;h++;hm;inl;inc;ipp;xsd</Extensions>
    </Filter>
    <Filter Include="Resource Files">
      <UniqueIdentifier>{67DA6AB6-F800-4c08-8B7A-83BB121AAD01}</UniqueIdentifier>
      <Extensions>rc;ico;cur;bmp;dlg;rc2;rct;bin;rgs;gif;jpg;jpeg;jpe;resx;tiff;tif;png;wav;mfcribbon-ms</Extensions>
    </Filter>
    <Filter Include="core">
      <UniqueIdentifier>{f5b34589-75bb-4b69-8f28-520762cc43a3}</UniqueIdentifier>
    </Filter>
    <Filter Include="core\vtkexpat">
      <UniqueIdentifier>{2f79a4e4-3537-40dc-a35b-c2fde721b273}</UniqueIdentifier>
    </Filter>
    <Filter Include="core\vtkexpat\lib">
      <UniqueIdentifier>{8abd0548-6e99-41fb-bdf5-e51f2474d352}</UniqueIdentifier>
    </Filter>
  </ItemGroup>
  <ItemGroup>
    <ClCompile Include="core\DICOMAppHelper.cxx">
      <Filter>core</Filter>
    </ClCompile>
    <ClCompile Include="core\DICOMFile.cxx">
      <Filter>core</Filter>
    </ClCompile>
    <ClCompile Include="core\DICOMParser.cxx">
      <Filter>core</Filter>
    </ClCompile>
    <ClCompile Include="core\vtkAlgorithm.cxx">
      <Filter>core</Filter>
    </ClCompile>
    <ClCompile Include="core\vtkAlgorithmOutput.cxx">
      <Filter>core</Filter>
    </ClCompile>
    <ClCompile Include="core\vtkDataSet.cxx">
      <Filter>core</Filter>
    </ClCompile>
    <ClCompile Include="core\vtkDataSetAttributes.cxx">
      <Filter>core</Filter>
    </ClCompile>
    <ClCompile Include="core\vtkDataSetAttributesFieldList.cxx">
      <Filter>core</Filter>
    </ClCompile>
    <ClCompile Include="core\vtkDICOMImageReader.cxx">
      <Filter>core</Filter>
    </ClCompile>
    <ClCompile Include="core\vtkDirectory.cxx">
      <Filter>core</Filter>
    </ClCompile>
    <ClCompile Include="core\vtkErrorCode.cxx">
      <Filter>core</Filter>
    </ClCompile>
    <ClCompile Include="core\vtkExecutive.cxx">
      <Filter>core</Filter>
    </ClCompile>
    <ClCompile Include="core\vtkFieldData.cxx">
      <Filter>core</Filter>
    </ClCompile>
    <ClCompile Include="core\vtkImageAlgorithm.cxx">
      <Filter>core</Filter>
    </ClCompile>
    <ClCompile Include="core\vtkImageData.cxx">
      <Filter>core</Filter>
    </ClCompile>
    <ClCompile Include="core\vtkImageReader2.cxx">
      <Filter>core</Filter>
    </ClCompile>
    <ClCompile Include="core\vtkPointData.cxx">
      <Filter>core</Filter>
    </ClCompile>
    <ClCompile Include="core\vtkProgressObserver.cxx">
      <Filter>core</Filter>
    </ClCompile>
    <ClCompile Include="core\vtkDataObject.cxx">
      <Filter>core</Filter>
    </ClCompile>
    <ClCompile Include="core\vtkStructuredData.cxx">
      <Filter>core</Filter>
    </ClCompile>
    <ClCompile Include="core\vtkCompositeDataPipeline.cxx">
      <Filter>core</Filter>
    </ClCompile>
    <ClCompile Include="core\vtkInformationExecutivePortKey.cxx">
      <Filter>core</Filter>
    </ClCompile>
    <ClCompile Include="core\vtkInformationExecutivePortVectorKey.cxx">
      <Filter>core</Filter>
    </ClCompile>
    <ClCompile Include="core\vtkTreeAlgorithm.cxx">
      <Filter>core</Filter>
    </ClCompile>
    <ClCompile Include="core\vtkTrivialConsumer.cxx">
      <Filter>core</Filter>
    </ClCompile>
    <ClCompile Include="core\vtkTrivialProducer.cxx">
      <Filter>core</Filter>
    </ClCompile>
    <ClCompile Include="core\vtkBoundingBox.cxx">
      <Filter>core</Filter>
    </ClCompile>
    <ClCompile Include="core\vtkCell.cxx">
      <Filter>core</Filter>
    </ClCompile>
    <ClCompile Include="core\vtkCellArray.cxx">
      <Filter>core</Filter>
    </ClCompile>
    <ClCompile Include="core\vtkCellArrayIterator.cxx">
      <Filter>core</Filter>
    </ClCompile>
    <ClCompile Include="core\vtkCellAttribute.cxx">
      <Filter>core</Filter>
    </ClCompile>
    <ClCompile Include="core\vtkCellAttributeCalculator.cxx">
      <Filter>core</Filter>
    </ClCompile>
    <ClCompile Include="core\vtkCellGrid.cxx">
      <Filter>core</Filter>
    </ClCompile>
    <ClCompile Include="core\vtkCellGridBoundsQuery.cxx">
      <Filter>core</Filter>
    </ClCompile>
    <ClCompile Include="core\vtkCellGridCopyQuery.cxx">
      <Filter>core</Filter>
    </ClCompile>
    <ClCompile Include="core\vtkCellGridQuery.cxx">
      <Filter>core</Filter>
    </ClCompile>
    <ClCompile Include="core\vtkCellGridRangeQuery.cxx">
      <Filter>core</Filter>
    </ClCompile>
    <ClCompile Include="core\vtkCellGridResponders.cxx">
      <Filter>core</Filter>
    </ClCompile>
    <ClCompile Include="core\vtkCellGridSidesCache.cxx">
      <Filter>core</Filter>
    </ClCompile>
    <ClCompile Include="core\vtkCellIterator.cxx">
      <Filter>core</Filter>
    </ClCompile>
    <ClCompile Include="core\vtkCellMetadata.cxx">
      <Filter>core</Filter>
    </ClCompile>
    <ClCompile Include="core\vtkCellTreeLocator.cxx">
      <Filter>core</Filter>
    </ClCompile>
    <ClCompile Include="core\vtkCellTypes.cxx">
      <Filter>core</Filter>
    </ClCompile>
    <ClCompile Include="core\vtkDataSetCollection.cxx">
      <Filter>core</Filter>
    </ClCompile>
    <ClCompile Include="core\vtkGenericCell.cxx">
      <Filter>core</Filter>
    </ClCompile>
    <ClCompile Include="core\vtkGenericCellIterator.cxx">
      <Filter>core</Filter>
    </ClCompile>
    <ClCompile Include="core\vtkGenericEdgeTable.cxx">
      <Filter>core</Filter>
    </ClCompile>
    <ClCompile Include="core\vtkGenericPointIterator.cxx">
      <Filter>core</Filter>
    </ClCompile>
    <ClCompile Include="core\vtkNonLinearCell.cxx">
      <Filter>core</Filter>
    </ClCompile>
    <ClCompile Include="core\vtkAbstractCellArray.cxx">
      <Filter>core</Filter>
    </ClCompile>
    <ClCompile Include="core\vtkFilteringInformationKeyManager.cxx">
      <Filter>core</Filter>
    </ClCompile>
    <ClCompile Include="core\vtkMatrix3x3.cxx">
      <Filter>core</Filter>
    </ClCompile>
    <ClCompile Include="core\vtkMatrix4x4.cxx">
      <Filter>core</Filter>
    </ClCompile>
    <ClCompile Include="core\vtkImplicitFunction.cxx">
      <Filter>core</Filter>
    </ClCompile>
    <ClCompile Include="core\vtkPlane.cxx">
      <Filter>core</Filter>
    </ClCompile>
    <ClCompile Include="core\vtkPlaneCollection.cxx">
      <Filter>core</Filter>
    </ClCompile>
    <ClCompile Include="core\vtkPlanes.cxx">
      <Filter>core</Filter>
    </ClCompile>
    <ClCompile Include="core\vtkPlanesIntersection.cxx">
      <Filter>core</Filter>
    </ClCompile>
    <ClCompile Include="core\vtkAbstractElectronicData.cxx">
      <Filter>core</Filter>
    </ClCompile>
    <ClCompile Include="core\vtkQuad.cxx">
      <Filter>core</Filter>
    </ClCompile>
    <ClCompile Include="core\vtkTriangle.cxx">
      <Filter>core</Filter>
    </ClCompile>
    <ClCompile Include="core\vtkLine.cxx">
      <Filter>core</Filter>
    </ClCompile>
    <ClCompile Include="core\vtkLocator.cxx">
      <Filter>core</Filter>
    </ClCompile>
    <ClCompile Include="core\vtkAbstractPointLocator.cxx">
      <Filter>core</Filter>
    </ClCompile>
    <ClCompile Include="core\vtkIncrementalPointLocator.cxx">
      <Filter>core</Filter>
    </ClCompile>
    <ClCompile Include="core\vtkQuadraticEdge.cxx">
      <Filter>core</Filter>
    </ClCompile>
    <ClCompile Include="core\vtkPolygon.cxx">
      <Filter>core</Filter>
    </ClCompile>
    <ClCompile Include="core\vtkEmptyCell.cxx">
      <Filter>core</Filter>
    </ClCompile>
    <ClCompile Include="core\vtkFunctionSet.cxx">
      <Filter>core</Filter>
    </ClCompile>
    <ClCompile Include="core\vtkAbstractCellLocator.cxx">
      <Filter>core</Filter>
    </ClCompile>
    <ClCompile Include="core\vtkCompositeDataIterator.cxx">
      <Filter>core</Filter>
    </ClCompile>
    <ClCompile Include="core\vtkCompositeDataSet.cxx">
      <Filter>core</Filter>
    </ClCompile>
    <ClCompile Include="core\vtkDataObjectTree.cxx">
      <Filter>core</Filter>
    </ClCompile>
    <ClCompile Include="core\vtkDataObjectTreeIterator.cxx">
      <Filter>core</Filter>
    </ClCompile>
    <ClCompile Include="core\vtkPartitionedDataSet.cxx">
      <Filter>core</Filter>
    </ClCompile>
    <ClCompile Include="core\vtkUniformGrid.cxx">
      <Filter>core</Filter>
    </ClCompile>
    <ClCompile Include="core\vtkUniformGridAMR.cxx">
      <Filter>core</Filter>
    </ClCompile>
    <ClCompile Include="core\vtkUniformGridAMRDataIterator.cxx">
      <Filter>core</Filter>
    </ClCompile>
    <ClCompile Include="core\vtkAMRDataInternals.cxx">
      <Filter>core</Filter>
    </ClCompile>
    <ClCompile Include="core\vtkStructuredCellArray.cxx">
      <Filter>core</Filter>
    </ClCompile>
    <ClCompile Include="core\vtkStructuredExtent.cxx">
      <Filter>core</Filter>
    </ClCompile>
    <ClCompile Include="core\vtkMultiBlockDataSet.cxx">
      <Filter>core</Filter>
    </ClCompile>
    <ClCompile Include="core\vtkMultiBlockDataSetSerDesHelper.cxx">
      <Filter>core</Filter>
    </ClCompile>
    <ClCompile Include="core\vtkMultiPieceDataSet.cxx">
      <Filter>core</Filter>
    </ClCompile>
    <ClCompile Include="core\vtkPartitionedDataSetCollection.cxx">
      <Filter>core</Filter>
    </ClCompile>
    <ClCompile Include="core\vtkDataAssembly.cxx">
      <Filter>core</Filter>
    </ClCompile>
    <ClCompile Include="core\vtkDataObjectTypes.cxx">
      <Filter>core</Filter>
    </ClCompile>
    <ClCompile Include="core\vtkNonOverlappingAMR.cxx">
      <Filter>core</Filter>
    </ClCompile>
    <ClCompile Include="core\vtkPointSet.cxx">
      <Filter>core</Filter>
    </ClCompile>
    <ClCompile Include="core\vtkPointLocator.cxx">
      <Filter>core</Filter>
    </ClCompile>
    <ClCompile Include="core\vtkPolyData.cxx">
      <Filter>core</Filter>
    </ClCompile>
    <ClCompile Include="core\vtkCellLinks.cxx">
      <Filter>core</Filter>
    </ClCompile>
    <ClCompile Include="core\vtkAbstractCellLinks.cxx">
      <Filter>core</Filter>
    </ClCompile>
    <ClCompile Include="core\vtkStaticCellLinks.cxx">
      <Filter>core</Filter>
    </ClCompile>
    <ClCompile Include="core\vtkUnstructuredGrid.cxx">
      <Filter>core</Filter>
    </ClCompile>
    <ClCompile Include="core\vtkUnstructuredGridBase.cxx">
      <Filter>core</Filter>
    </ClCompile>
    <ClCompile Include="core\vtkUnstructuredGridCellIterator.cxx">
      <Filter>core</Filter>
    </ClCompile>
    <ClCompile Include="core\vtkPiecewiseFunction.cxx">
      <Filter>core</Filter>
    </ClCompile>
    <ClCompile Include="core\vtkStructuredPoints.cxx">
      <Filter>core</Filter>
    </ClCompile>
    <ClCompile Include="core\vtkCellData.cxx">
      <Filter>core</Filter>
    </ClCompile>
    <ClCompile Include="core\vtkAMRBox.cxx">
      <Filter>core</Filter>
    </ClCompile>
    <ClCompile Include="core\vtkAMRInformation.cxx">
      <Filter>core</Filter>
    </ClCompile>
    <ClCompile Include="core\vtkBox.cxx">
      <Filter>core</Filter>
    </ClCompile>
    <ClCompile Include="core\vtkHomogeneousTransform.cxx">
      <Filter>core</Filter>
    </ClCompile>
    <ClCompile Include="core\vtkAbstractTransform.cxx">
      <Filter>core</Filter>
    </ClCompile>
    <ClCompile Include="core\vtkLinearTransform.cxx">
      <Filter>core</Filter>
    </ClCompile>
    <ClCompile Include="core\vtkTransform.cxx">
      <Filter>core</Filter>
    </ClCompile>
    <ClCompile Include="core\vtkPointsProjectedHull.cxx">
      <Filter>core</Filter>
    </ClCompile>
    <ClCompile Include="core\vtkPointSetCellIterator.cxx">
      <Filter>core</Filter>
    </ClCompile>
    <ClCompile Include="core\vtkStaticCellLocator.cxx">
      <Filter>core</Filter>
    </ClCompile>
    <ClCompile Include="core\vtkMergePoints.cxx">
      <Filter>core</Filter>
    </ClCompile>
    <ClCompile Include="core\vtkStaticPointLocator.cxx">
      <Filter>core</Filter>
    </ClCompile>
    <ClCompile Include="core\vtkInformationIntegerRequestKey.cxx">
      <Filter>core</Filter>
    </ClCompile>
    <ClCompile Include="core\vtkDemandDrivenPipeline.cxx">
      <Filter>core</Filter>
    </ClCompile>
    <ClCompile Include="core\vtkExecutionAggregator.cxx">
      <Filter>core</Filter>
    </ClCompile>
    <ClCompile Include="core\vtkExecutionRange.cxx">
      <Filter>core</Filter>
    </ClCompile>
    <ClCompile Include="core\vtkStreamingDemandDrivenPipeline.cxx">
      <Filter>core</Filter>
    </ClCompile>
    <ClCompile Include="core\vtkExtentTranslator.cxx">
      <Filter>core</Filter>
    </ClCompile>
    <ClCompile Include="core\vtkArrayCoordinates.cxx">
      <Filter>core</Filter>
    </ClCompile>
    <ClCompile Include="core\vtkArrayRange.cxx">
      <Filter>core</Filter>
    </ClCompile>
    <ClCompile Include="core\vtkExplicitStructuredGrid.cxx">
      <Filter>core</Filter>
    </ClCompile>
    <ClCompile Include="core\vtkDataSetCellIterator.cxx">
      <Filter>core</Filter>
    </ClCompile>
    <ClCompile Include="core\vtkRectilinearGrid.cxx">
      <Filter>core</Filter>
    </ClCompile>
    <ClCompile Include="core\vtkExecutableRunner.cxx">
      <Filter>core</Filter>
    </ClCompile>
    <ClCompile Include="core\vtkColorTransferFunction.cxx">
      <Filter>core</Filter>
    </ClCompile>
    <ClCompile Include="core\vtkCIEDE2000.cxx">
      <Filter>core</Filter>
    </ClCompile>
    <ClCompile Include="core\vtkAbstractImageInterpolator.cxx">
      <Filter>core</Filter>
    </ClCompile>
    <ClCompile Include="core\vtkAbstractMapper.cxx">
      <Filter>core</Filter>
    </ClCompile>
    <ClCompile Include="core\vtkAbstractMapper3D.cxx">
      <Filter>core</Filter>
    </ClCompile>
    <ClCompile Include="core\vtkAbstractVolumeMapper.cxx">
      <Filter>core</Filter>
    </ClCompile>
    <ClCompile Include="core\vtkCamera.cxx">
      <Filter>core</Filter>
    </ClCompile>
    <ClCompile Include="core\vtkContourValues.cxx">
      <Filter>core</Filter>
    </ClCompile>
    <ClCompile Include="core\vtkGPUInfo.cxx">
      <Filter>core</Filter>
    </ClCompile>
    <ClCompile Include="core\vtkGPUInfoList.cxx">
      <Filter>core</Filter>
    </ClCompile>
    <ClCompile Include="core\vtkGPUVolumeRayCastMapper.cxx">
      <Filter>core</Filter>
    </ClCompile>
    <ClCompile Include="core\vtkGraphicsFactory.cxx">
      <Filter>core</Filter>
    </ClCompile>
    <ClCompile Include="core\vtkImageInterpolator.cxx">
      <Filter>core</Filter>
    </ClCompile>
    <ClCompile Include="core\vtkImagePointDataIterator.cxx">
      <Filter>core</Filter>
    </ClCompile>
    <ClCompile Include="core\vtkImageResample.cxx">
      <Filter>core</Filter>
    </ClCompile>
    <ClCompile Include="core\vtkImageReslice.cxx">
      <Filter>core</Filter>
    </ClCompile>
    <ClCompile Include="core\vtkImageStencilData.cxx">
      <Filter>core</Filter>
    </ClCompile>
    <ClCompile Include="core\vtkMultiVolume.cxx">
      <Filter>core</Filter>
    </ClCompile>
    <ClCompile Include="core\vtkProp.cxx">
      <Filter>core</Filter>
    </ClCompile>
    <ClCompile Include="core\vtkProp3D.cxx">
      <Filter>core</Filter>
    </ClCompile>
    <ClCompile Include="core\vtkProp3DCollection.cxx">
      <Filter>core</Filter>
    </ClCompile>
    <ClCompile Include="core\vtkProp3DFollower.cxx">
      <Filter>core</Filter>
    </ClCompile>
    <ClCompile Include="core\vtkPropAssembly.cxx">
      <Filter>core</Filter>
    </ClCompile>
    <ClCompile Include="core\vtkPropCollection.cxx">
      <Filter>core</Filter>
    </ClCompile>
    <ClCompile Include="core\vtkThreadedImageAlgorithm.cxx">
      <Filter>core</Filter>
    </ClCompile>
    <ClCompile Include="core\vtkTimerLog.cxx">
      <Filter>core</Filter>
    </ClCompile>
    <ClCompile Include="core\vtkVolumeMapper.cxx">
      <Filter>core</Filter>
    </ClCompile>
    <ClCompile Include="core\vtkVolumeProperty.cxx">
      <Filter>core</Filter>
    </ClCompile>
    <ClCompile Include="core\vtkRenderWindow.cxx">
      <Filter>core</Filter>
    </ClCompile>
    <ClCompile Include="core\vtkRenderer.cxx">
      <Filter>core</Filter>
    </ClCompile>
    <ClCompile Include="core\vtkRendererCollection.cxx">
      <Filter>core</Filter>
    </ClCompile>
    <ClCompile Include="core\vtkRenderTimerLog.cxx">
      <Filter>core</Filter>
    </ClCompile>
    <ClCompile Include="core\vtkRenderWindowInteractor.cxx">
      <Filter>core</Filter>
    </ClCompile>
    <ClCompile Include="core\vtkRenderWindowInteractor3D.cxx">
      <Filter>core</Filter>
    </ClCompile>
    <ClCompile Include="core\vtkStereoCompositor.cxx">
      <Filter>core</Filter>
    </ClCompile>
    <ClCompile Include="core\vtkViewport.cxx">
      <Filter>core</Filter>
    </ClCompile>
    <ClCompile Include="core\vtkSelection.cxx">
      <Filter>core</Filter>
    </ClCompile>
    <ClCompile Include="core\vtkSelectionNode.cxx">
      <Filter>core</Filter>
    </ClCompile>
    <ClCompile Include="core\vtkAbstractPicker.cxx">
      <Filter>core</Filter>
    </ClCompile>
    <ClCompile Include="core\vtkAbstractPropPicker.cxx">
      <Filter>core</Filter>
    </ClCompile>
    <ClCompile Include="core\vtkPickingManager.cxx">
      <Filter>core</Filter>
    </ClCompile>
    <ClCompile Include="core\vtkAssembly.cxx">
      <Filter>core</Filter>
    </ClCompile>
    <ClCompile Include="core\vtkAssemblyNode.cxx">
      <Filter>core</Filter>
    </ClCompile>
    <ClCompile Include="core\vtkAssemblyPath.cxx">
      <Filter>core</Filter>
    </ClCompile>
    <ClCompile Include="core\vtkAssemblyPaths.cxx">
      <Filter>core</Filter>
    </ClCompile>
    <ClCompile Include="core\vtkVolume.cxx">
      <Filter>core</Filter>
    </ClCompile>
    <ClCompile Include="core\vtkVolumeCollection.cxx">
      <Filter>core</Filter>
    </ClCompile>
    <ClCompile Include="core\vtkActor.cxx">
      <Filter>core</Filter>
    </ClCompile>
    <ClCompile Include="core\vtkActor2D.cxx">
      <Filter>core</Filter>
    </ClCompile>
    <ClCompile Include="core\vtkActor2DCollection.cxx">
      <Filter>core</Filter>
    </ClCompile>
    <ClCompile Include="core\vtkActorCollection.cxx">
      <Filter>core</Filter>
    </ClCompile>
    <ClCompile Include="core\vtkProperty.cxx">
      <Filter>core</Filter>
    </ClCompile>
    <ClCompile Include="core\vtkProperty2D.cxx">
      <Filter>core</Filter>
    </ClCompile>
    <ClCompile Include="core\vtkXMLDataElement.cxx">
      <Filter>core</Filter>
    </ClCompile>
    <ClCompile Include="core\vtkXMLDataParser.cxx">
      <Filter>core</Filter>
    </ClCompile>
    <ClCompile Include="core\vtkXMLParser.cxx">
      <Filter>core</Filter>
    </ClCompile>
    <ClCompile Include="core\vtkXMLUtilities.cxx">
      <Filter>core</Filter>
    </ClCompile>
    <ClCompile Include="core\vtkDataCompressor.cxx">
      <Filter>core</Filter>
    </ClCompile>
    <ClCompile Include="core\vtkInputStream.cxx">
      <Filter>core</Filter>
    </ClCompile>
    <ClCompile Include="core\vtkTexture.cxx">
      <Filter>core</Filter>
    </ClCompile>
    <ClCompile Include="core\vtkTexturedActor2D.cxx">
      <Filter>core</Filter>
    </ClCompile>
    <ClCompile Include="core\vtkBase64InputStream.cxx">
      <Filter>core</Filter>
    </ClCompile>
    <ClCompile Include="core\vtkBase64OutputStream.cxx">
      <Filter>core</Filter>
    </ClCompile>
    <ClCompile Include="core\vtkBase64Utilities.cxx">
      <Filter>core</Filter>
    </ClCompile>
    <ClCompile Include="core\vtkOutputStream.cxx">
      <Filter>core</Filter>
    </ClCompile>
    <ClCompile Include="core\vtkCoordinate.cxx">
      <Filter>core</Filter>
    </ClCompile>
    <ClCompile Include="core\vtkMapper.cxx">
      <Filter>core</Filter>
    </ClCompile>
    <ClCompile Include="core\vtkMapper2D.cxx">
      <Filter>core</Filter>
    </ClCompile>
    <ClCompile Include="core\vtkMapperCollection.cxx">
      <Filter>core</Filter>
    </ClCompile>
    <ClCompile Include="core\vtkNamedColors.cxx">
      <Filter>core</Filter>
    </ClCompile>
    <ClCompile Include="core\vtkColorSeries.cxx">
      <Filter>core</Filter>
    </ClCompile>
    <ClCompile Include="core\vtkPerspectiveTransform.cxx">
      <Filter>core</Filter>
    </ClCompile>
    <ClCompile Include="core\vtkImageStencilAlgorithm.cxx">
      <Filter>core</Filter>
    </ClCompile>
    <ClCompile Include="core\vtkImageStencilIterator.cxx">
      <Filter>core</Filter>
    </ClCompile>
    <ClCompile Include="core\vtkImageStencilSource.cxx">
      <Filter>core</Filter>
    </ClCompile>
    <ClCompile Include="core\vtkShaderProperty.cxx">
      <Filter>core</Filter>
    </ClCompile>
    <ClCompile Include="core\vtkUniforms.cxx">
      <Filter>core</Filter>
    </ClCompile>
    <ClCompile Include="core\vtkMatrixToLinearTransform.cxx">
      <Filter>core</Filter>
    </ClCompile>
    <ClCompile Include="core\vtkHardwareWindow.cxx">
      <Filter>core</Filter>
    </ClCompile>
    <ClCompile Include="core\vtkLight.cxx">
      <Filter>core</Filter>
    </ClCompile>
    <ClCompile Include="core\vtkLightCollection.cxx">
      <Filter>core</Filter>
    </ClCompile>
    <ClCompile Include="core\vtkRenderPass.cxx">
      <Filter>core</Filter>
    </ClCompile>
    <ClCompile Include="core\vtkRenderState.cxx">
      <Filter>core</Filter>
    </ClCompile>
    <ClCompile Include="core\vtkFrameBufferObjectBase.cxx">
      <Filter>core</Filter>
    </ClCompile>
    <ClCompile Include="core\vtkFXAAOptions.cxx">
      <Filter>core</Filter>
    </ClCompile>
    <ClCompile Include="core\vtkRendererDelegate.cxx">
      <Filter>core</Filter>
    </ClCompile>
    <ClCompile Include="core\vtkRendererSource.cxx">
      <Filter>core</Filter>
    </ClCompile>
    <ClCompile Include="core\vtkCuller.cxx">
      <Filter>core</Filter>
    </ClCompile>
    <ClCompile Include="core\vtkCullerCollection.cxx">
      <Filter>core</Filter>
    </ClCompile>
    <ClCompile Include="core\vtkHardwareSelector.cxx">
      <Filter>core</Filter>
    </ClCompile>
    <ClCompile Include="core\vtkCellGridMapper.cxx">
      <Filter>core</Filter>
    </ClCompile>
    <ClCompile Include="core\vtkFrustumCoverageCuller.cxx">
      <Filter>core</Filter>
    </ClCompile>
    <ClCompile Include="core\vtkInteractorStyle.cxx">
      <Filter>core</Filter>
    </ClCompile>
    <ClCompile Include="core\vtkInteractorStyle3D.cxx">
      <Filter>core</Filter>
    </ClCompile>
    <ClCompile Include="core\vtkInteractorStyleSwitchBase.cxx">
      <Filter>core</Filter>
    </ClCompile>
    <ClCompile Include="core\vtkInteractorObserver.cxx">
      <Filter>core</Filter>
    </ClCompile>
    <ClCompile Include="core\vtkObserverMediator.cxx">
      <Filter>core</Filter>
    </ClCompile>
    <ClCompile Include="core\vtkPropPicker.cxx">
      <Filter>core</Filter>
    </ClCompile>
    <ClCompile Include="core\vtkWorldPointPicker.cxx">
      <Filter>core</Filter>
    </ClCompile>
    <ClCompile Include="core\vtkQuaternionInterpolator.cxx">
      <Filter>core</Filter>
    </ClCompile>
    <ClCompile Include="core\vtkexpat\lib\xmlparse.c">
      <Filter>core\vtkexpat\lib</Filter>
    </ClCompile>
    <ClCompile Include="core\vtkexpat\lib\xmlrole.c">
      <Filter>core\vtkexpat\lib</Filter>
    </ClCompile>
    <ClCompile Include="core\vtkexpat\lib\xmltok.c">
      <Filter>core\vtkexpat\lib</Filter>
    </ClCompile>
    <ClCompile Include="core\vtkexpat\lib\xmltok_impl.c">
      <Filter>core\vtkexpat\lib</Filter>
    </ClCompile>
    <ClCompile Include="core\vtkexpat\lib\xmltok_ns.c">
      <Filter>core\vtkexpat\lib</Filter>
    </ClCompile>
    <ClCompile Include="core\vtkPolyDataAlgorithm.cxx">
      <Filter>core</Filter>
    </ClCompile>
    <ClCompile Include="core\vtkOutlineSource.cxx">
      <Filter>core</Filter>
    </ClCompile>
    <ClCompile Include="core\vtkPolyDataMapper.cxx">
      <Filter>core</Filter>
    </ClCompile>
    <ClCompile Include="core\vtkTDxInteractorStyle.cxx">
      <Filter>core</Filter>
    </ClCompile>
    <ClCompile Include="core\vtkTDxInteractorStyleCamera.cxx">
      <Filter>core</Filter>
    </ClCompile>
    <ClCompile Include="core\vtkTDxInteractorStyleSettings.cxx">
      <Filter>core</Filter>
    </ClCompile>
    <ClCompile Include="core\vtkCellPicker.cxx">
      <Filter>core</Filter>
    </ClCompile>
    <ClCompile Include="core\vtkPicker.cxx">
      <Filter>core</Filter>
    </ClCompile>
    <ClCompile Include="core\vtkImageMapper.cxx">
      <Filter>core</Filter>
    </ClCompile>
    <ClCompile Include="core\vtkImageMapper3D.cxx">
      <Filter>core</Filter>
    </ClCompile>
    <ClCompile Include="core\vtkImageSlice.cxx">
      <Filter>core</Filter>
    </ClCompile>
    <ClCompile Include="core\vtkImageSliceMapper.cxx">
      <Filter>core</Filter>
    </ClCompile>
    <ClCompile Include="core\vtkImageProperty.cxx">
      <Filter>core</Filter>
    </ClCompile>
    <ClCompile Include="core\vtkLODProp3D.cxx">
      <Filter>core</Filter>
    </ClCompile>
    <ClCompile Include="core\vtkEdgeTable.cxx">
      <Filter>core</Filter>
    </ClCompile>
    <ClCompile Include="core\vtkHeap.cxx">
      <Filter>core</Filter>
    </ClCompile>
    <ClCompile Include="core\vtkVertex.cxx">
      <Filter>core</Filter>
    </ClCompile>
    <ClCompile Include="core\vtkOpenGLGPUVolumeRayCastMapper.cxx">
      <Filter>core</Filter>
    </ClCompile>
    <ClCompile Include="core\vtkRenderingVolumeOpenGL2ObjectFactory.cxx">
      <Filter>core</Filter>
    </ClCompile>
    <ClCompile Include="core\vtkOpenGLRenderWindow.cxx">
      <Filter>core</Filter>
    </ClCompile>
    <ClCompile Include="core\vtkOpenGLShaderCache.cxx">
      <Filter>core</Filter>
    </ClCompile>
    <ClCompile Include="core\vtkOpenGLShaderProperty.cxx">
      <Filter>core</Filter>
    </ClCompile>
    <ClCompile Include="core\vtkShader.cxx">
      <Filter>core</Filter>
    </ClCompile>
    <ClCompile Include="core\vtkShaderProgram.cxx">
      <Filter>core</Filter>
    </ClCompile>
    <ClCompile Include="core\raycasterfs.cxx">
      <Filter>core</Filter>
    </ClCompile>
    <ClCompile Include="core\raycastervs.cxx">
      <Filter>core</Filter>
    </ClCompile>
    <ClCompile Include="core\vtkOpenGLActor.cxx">
      <Filter>core</Filter>
    </ClCompile>
    <ClCompile Include="core\vtkDepthPeelingPass.cxx">
      <Filter>core</Filter>
    </ClCompile>
    <ClCompile Include="core\vtkDualDepthPeelingPass.cxx">
      <Filter>core</Filter>
    </ClCompile>
    <ClCompile Include="core\vtkOpenGLRenderPass.cxx">
      <Filter>core</Filter>
    </ClCompile>
    <ClCompile Include="core\vtkOpenGLUniforms.cxx">
      <Filter>core</Filter>
    </ClCompile>
    <ClCompile Include="core\vtkOpenGLVertexArrayObject.cxx">
      <Filter>core</Filter>
    </ClCompile>
    <ClCompile Include="core\vtkOpenGLVertexBufferObject.cxx">
      <Filter>core</Filter>
    </ClCompile>
    <ClCompile Include="core\vtkOpenGLVertexBufferObjectCache.cxx">
      <Filter>core</Filter>
    </ClCompile>
    <ClCompile Include="core\vtkOpenGLVertexBufferObjectGroup.cxx">
      <Filter>core</Filter>
    </ClCompile>
    <ClCompile Include="core\vtkOpenGLBufferObject.cxx">
      <Filter>core</Filter>
    </ClCompile>
    <ClCompile Include="core\vtkOpenGLState.cxx">
      <Filter>core</Filter>
    </ClCompile>
    <ClCompile Include="core\vtkDensifyPolyData.cxx">
      <Filter>core</Filter>
    </ClCompile>
    <ClCompile Include="core\vtkOpenGLCamera.cxx">
      <Filter>core</Filter>
    </ClCompile>
    <ClCompile Include="core\vtkOpenGLFramebufferObject.cxx">
      <Filter>core</Filter>
    </ClCompile>
    <ClCompile Include="core\vtkOpenGLRenderUtilities.cxx">
      <Filter>core</Filter>
    </ClCompile>
    <ClCompile Include="core\vtkPixelBufferObject.cxx">
      <Filter>core</Filter>
    </ClCompile>
    <ClCompile Include="core\vtkRenderbuffer.cxx">
      <Filter>core</Filter>
    </ClCompile>
    <ClCompile Include="core\vtkTextureObject.cxx">
      <Filter>core</Filter>
    </ClCompile>
    <ClCompile Include="core\vtkTextureUnitManager.cxx">
      <Filter>core</Filter>
    </ClCompile>
    <ClCompile Include="core\vtkOpenGLHelper.cxx">
      <Filter>core</Filter>
    </ClCompile>
    <ClCompile Include="core\vtkOpenGLTexture.cxx">
      <Filter>core</Filter>
    </ClCompile>
    <ClCompile Include="core\vtkOpenGLIndexBufferObject.cxx">
      <Filter>core</Filter>
    </ClCompile>
    <ClCompile Include="core\vtkOpenGLRenderer.cxx">
      <Filter>core</Filter>
    </ClCompile>
    <ClCompile Include="core\vtkOpenGLQuadHelper.cxx">
      <Filter>core</Filter>
    </ClCompile>
    <ClCompile Include="core\vtkPBRIrradianceTexture.cxx">
      <Filter>core</Filter>
    </ClCompile>
    <ClCompile Include="core\vtkPBRLUTTexture.cxx">
      <Filter>core</Filter>
    </ClCompile>
    <ClCompile Include="core\vtkPBRPrefilterTexture.cxx">
      <Filter>core</Filter>
    </ClCompile>
    <ClCompile Include="core\vtkOpenGLVolumeGradientOpacityTable.cxx">
      <Filter>core</Filter>
    </ClCompile>
    <ClCompile Include="core\vtkOpenGLVolumeMaskGradientOpacityTransferFunction2D.cxx">
      <Filter>core</Filter>
    </ClCompile>
    <ClCompile Include="core\vtkOpenGLVolumeMaskTransferFunction2D.cxx">
      <Filter>core</Filter>
    </ClCompile>
    <ClCompile Include="core\vtkOpenGLVolumeOpacityTable.cxx">
      <Filter>core</Filter>
    </ClCompile>
    <ClCompile Include="core\vtkOpenGLVolumeRGBTable.cxx">
      <Filter>core</Filter>
    </ClCompile>
    <ClCompile Include="core\vtkOpenGLVolumeTransferFunction2D.cxx">
      <Filter>core</Filter>
    </ClCompile>
    <ClCompile Include="core\vtkOpenGLVolumeLookupTable.cxx">
      <Filter>core</Filter>
    </ClCompile>
    <ClCompile Include="core\vtkImageResize.cxx">
      <Filter>core</Filter>
    </ClCompile>
    <ClCompile Include="core\vtkImageSincInterpolator.cxx">
      <Filter>core</Filter>
    </ClCompile>
    <ClCompile Include="core\vtkVolumeTexture.cxx">
      <Filter>core</Filter>
    </ClCompile>
    <ClCompile Include="core\vtkVolumeInputHelper.cxx">
      <Filter>core</Filter>
    </ClCompile>
    <ClCompile Include="core\vtkPixel.cxx">
      <Filter>core</Filter>
    </ClCompile>
    <ClCompile Include="core\vtkPixelExtent.cxx">
      <Filter>core</Filter>
    </ClCompile>
    <ClCompile Include="core\vtkTessellatedBoxSource.cxx">
      <Filter>core</Filter>
    </ClCompile>
    <ClCompile Include="core\vtkPixelTransfer.cxx">
      <Filter>core</Filter>
    </ClCompile>
    <ClCompile Include="core\vtkDepthPeelingPassFinalFS.cxx">
      <Filter>core</Filter>
    </ClCompile>
    <ClCompile Include="core\vtkDepthPeelingPassIntermediateFS.cxx">
      <Filter>core</Filter>
    </ClCompile>
    <ClCompile Include="core\vtkOpenGLPolyDataMapper.cxx">
      <Filter>core</Filter>
    </ClCompile>
    <ClCompile Include="core\vtkOpenGLPolyDataMapper2D.cxx">
      <Filter>core</Filter>
    </ClCompile>
    <ClCompile Include="core\vtkPolyDataMapper2D.cxx">
      <Filter>core</Filter>
    </ClCompile>
    <ClCompile Include="core\vtkOpenGLCellToVTKCellMap.cxx">
      <Filter>core</Filter>
    </ClCompile>
    <ClCompile Include="core\vtkPolyData2DFS.cxx">
      <Filter>core</Filter>
    </ClCompile>
    <ClCompile Include="core\vtkPolyData2DVS.cxx">
      <Filter>core</Filter>
    </ClCompile>
    <ClCompile Include="core\vtkPolyDataWideLineGS.cxx">
      <Filter>core</Filter>
    </ClCompile>
    <ClCompile Include="core\vtkHiddenLineRemovalPass.cxx">
      <Filter>core</Filter>
    </ClCompile>
    <ClCompile Include="core\vtkOpaquePass.cxx">
      <Filter>core</Filter>
    </ClCompile>
    <ClCompile Include="core\vtkDefaultPass.cxx">
      <Filter>core</Filter>
    </ClCompile>
    <ClCompile Include="core\vtkOpenGLFXAAFilter.cxx">
      <Filter>core</Filter>
    </ClCompile>
    <ClCompile Include="core\vtkOpenGLFXAAPass.cxx">
      <Filter>core</Filter>
    </ClCompile>
    <ClCompile Include="core\vtkOpenGLRenderTimer.cxx">
      <Filter>core</Filter>
    </ClCompile>
    <ClCompile Include="core\vtkFXAAFilterFS.cxx">
      <Filter>core</Filter>
    </ClCompile>
    <ClCompile Include="core\vtkImageProcessingPass.cxx">
      <Filter>core</Filter>
    </ClCompile>
    <ClCompile Include="core\vtkOrderIndependentTranslucentPass.cxx">
      <Filter>core</Filter>
    </ClCompile>
    <ClCompile Include="core\vtkOrderIndependentTranslucentPassFinalFS.cxx">
      <Filter>core</Filter>
    </ClCompile>
    <ClCompile Include="core\vtkSSAAPass.cxx">
      <Filter>core</Filter>
    </ClCompile>
    <ClCompile Include="core\vtkSSAOPass.cxx">
      <Filter>core</Filter>
    </ClCompile>
    <ClCompile Include="core\vtkSSAAPassFS.cxx">
      <Filter>core</Filter>
    </ClCompile>
    <ClCompile Include="core\vtkShadowMapBakerPass.cxx">
      <Filter>core</Filter>
    </ClCompile>
    <ClCompile Include="core\vtkShadowMapPass.cxx">
      <Filter>core</Filter>
    </ClCompile>
    <ClCompile Include="core\vtkRenderPassCollection.cxx">
      <Filter>core</Filter>
    </ClCompile>
    <ClCompile Include="core\vtkLightingMapPass.cxx">
      <Filter>core</Filter>
    </ClCompile>
    <ClCompile Include="core\vtkLightsPass.cxx">
      <Filter>core</Filter>
    </ClCompile>
    <ClCompile Include="core\vtkClearRGBPass.cxx">
      <Filter>core</Filter>
    </ClCompile>
    <ClCompile Include="core\vtkClearZPass.cxx">
      <Filter>core</Filter>
    </ClCompile>
    <ClCompile Include="core\vtkSequencePass.cxx">
      <Filter>core</Filter>
    </ClCompile>
    <ClCompile Include="core\vtkImplicitSum.cxx">
      <Filter>core</Filter>
    </ClCompile>
    <ClCompile Include="core\vtkImplicitFunctionCollection.cxx">
      <Filter>core</Filter>
    </ClCompile>
    <ClCompile Include="core\vtkTranslucentPass.cxx">
      <Filter>core</Filter>
    </ClCompile>
    <ClCompile Include="core\vtkVolumetricPass.cxx">
      <Filter>core</Filter>
    </ClCompile>
    <ClCompile Include="core\vtkTable.cxx">
      <Filter>core</Filter>
    </ClCompile>
    <ClCompile Include="core\vtkSphericalHarmonics.cxx">
      <Filter>core</Filter>
    </ClCompile>
    <ClCompile Include="core\vtkPBRFunctions.cxx">
      <Filter>core</Filter>
    </ClCompile>
    <ClCompile Include="core\vtkPolyDataEdgesGS.cxx">
      <Filter>core</Filter>
    </ClCompile>
    <ClCompile Include="core\vtkPolyDataFS.cxx">
      <Filter>core</Filter>
    </ClCompile>
    <ClCompile Include="core\vtkTransformFeedback.cxx">
      <Filter>core</Filter>
    </ClCompile>
    <ClCompile Include="core\vtkCameraPass.cxx">
      <Filter>core</Filter>
    </ClCompile>
    <ClCompile Include="core\vtkJPEGReader.cxx">
      <Filter>core</Filter>
    </ClCompile>
    <ClCompile Include="core\vtkOpenGLLight.cxx">
      <Filter>core</Filter>
    </ClCompile>
    <ClCompile Include="core\vtkOpenGLProperty.cxx">
      <Filter>core</Filter>
    </ClCompile>
    <ClCompile Include="core\vtkPerlinNoise.cxx">
      <Filter>core</Filter>
    </ClCompile>
    <ClCompile Include="core\vtkWin32OpenGLRenderWindow.cxx">
      <Filter>core</Filter>
    </ClCompile>
    <ClCompile Include="core\vtkGenericOpenGLRenderWindow.cxx">
      <Filter>core</Filter>
    </ClCompile>
    <ClCompile Include="core\vtkWin32RenderWindowInteractor.cxx">
      <Filter>core</Filter>
    </ClCompile>
    <ClCompile Include="core\vtkMarchingSquaresLineCases.cxx">
      <Filter>core</Filter>
    </ClCompile>
    <ClCompile Include="core\vtkTextureObjectFS.cxx">
      <Filter>core</Filter>
    </ClCompile>
    <ClCompile Include="core\vtkTextureObjectVS.cxx">
      <Filter>core</Filter>
    </ClCompile>
    <ClCompile Include="core\vtkOSOpenGLRenderWindow.cxx">
      <Filter>core</Filter>
    </ClCompile>
    <ClCompile Include="core\BlueNoiseTexture64x64.cxx">
      <Filter>core</Filter>
    </ClCompile>
    <ClCompile Include="core\vtkFixedPointRayCastImage.cxx">
      <Filter>core</Filter>
    </ClCompile>
    <ClCompile Include="core\vtkOpenGLRayCastImageDisplayHelper.cxx">
      <Filter>core</Filter>
    </ClCompile>
    <ClCompile Include="core\vtkRayCastImageDisplayHelper.cxx">
      <Filter>core</Filter>
    </ClCompile>
    <ClCompile Include="core\vtkVisibilitySort.cxx">
      <Filter>core</Filter>
    </ClCompile>
    <ClCompile Include="core\vtkInteractorStyleTrackballCamera.cxx">
      <Filter>core</Filter>
    </ClCompile>
    <ClCompile Include="3dparty\glad.c">
      <Filter>core</Filter>
    </ClCompile>
    <ClCompile Include="core\vtkPolyDataVS.cxx">
      <Filter>core</Filter>
    </ClCompile>
    <ClCompile Include="core\vtkRenderingOpenGL2ObjectFactory.cxx">
      <Filter>core</Filter>
    </ClCompile>
    <ClCompile Include="core\vtkDummyGPUInfoList.cxx">
      <Filter>core</Filter>
    </ClCompile>
    <ClCompile Include="core\vtkOpenGLRenderTimerLog.cxx">
      <Filter>core</Filter>
    </ClCompile>
    <ClCompile Include="core\vtkSkybox.cxx">
      <Filter>core</Filter>
    </ClCompile>
    <ClCompile Include="core\vtkOpenGLSkybox.cxx">
      <Filter>core</Filter>
    </ClCompile>
    <ClCompile Include="core\vtkOpenGLHardwareSelector.cxx">
      <Filter>core</Filter>
    </ClCompile>
    <ClCompile Include="core\vtkOpenGLImageMapper.cxx">
      <Filter>core</Filter>
    </ClCompile>
    <ClCompile Include="core\vtkOpenGLImageSliceMapper.cxx">
      <Filter>core</Filter>
    </ClCompile>
    <ClCompile Include="core\vtkInteractionStyleObjectFactory.cxx">
      <Filter>core</Filter>
    </ClCompile>
    <ClCompile Include="core\vtkInteractorStyleJoystickActor.cxx">
      <Filter>core</Filter>
    </ClCompile>
    <ClCompile Include="core\vtkInteractorStyleJoystickCamera.cxx">
      <Filter>core</Filter>
    </ClCompile>
    <ClCompile Include="core\vtkInteractorStyleMultiTouchCamera.cxx">
      <Filter>core</Filter>
    </ClCompile>
    <ClCompile Include="core\vtkInteractorStyleTrackballActor.cxx">
      <Filter>core</Filter>
    </ClCompile>
    <ClCompile Include="core\vtkInteractorStyleSwitch.cxx">
      <Filter>core</Filter>
    </ClCompile>
    <ClCompile Include="core\vtkRenderingUIObjectFactory.cxx">
      <Filter>core</Filter>
    </ClCompile>
    <ClCompile Include="core\vtkWin32HardwareWindow.cxx">
      <Filter>core</Filter>
    </ClCompile>
    <ClCompile Include="core\vtkMarchingCubes.cxx">
      <Filter>core</Filter>
    </ClCompile>
    <ClCompile Include="core\vtkMarchingCubesTriangleCases.cxx">
      <Filter>core</Filter>
    </ClCompile>
    <ClCompile Include="core\vtkImageTransform.cxx">
      <Filter>core</Filter>
    </ClCompile>
  </ItemGroup>
  <ItemGroup>
    <ClInclude Include="core\DICOMAppHelper.h">
      <Filter>core</Filter>
    </ClInclude>
    <ClInclude Include="core\DICOMCallback.h">
      <Filter>core</Filter>
    </ClInclude>
    <ClInclude Include="core\DICOMConfig.h">
      <Filter>core</Filter>
    </ClInclude>
    <ClInclude Include="core\DICOMFile.h">
      <Filter>core</Filter>
    </ClInclude>
    <ClInclude Include="core\DICOMParser.h">
      <Filter>core</Filter>
    </ClInclude>
    <ClInclude Include="core\DICOMParserMap.h">
      <Filter>core</Filter>
    </ClInclude>
    <ClInclude Include="core\DICOMTypes.h">
      <Filter>core</Filter>
    </ClInclude>
    <ClInclude Include="core\vtkAlgorithm.h">
      <Filter>core</Filter>
    </ClInclude>
    <ClInclude Include="core\vtkAlgorithmOutput.h">
      <Filter>core</Filter>
    </ClInclude>
    <ClInclude Include="core\vtkCommonExecutionModelModule.h">
      <Filter>core</Filter>
    </ClInclude>
    <ClInclude Include="core\vtkDataSet.h">
      <Filter>core</Filter>
    </ClInclude>
    <ClInclude Include="core\vtkDataSetAttributes.h">
      <Filter>core</Filter>
    </ClInclude>
    <ClInclude Include="core\vtkDataSetAttributesFieldList.h">
      <Filter>core</Filter>
    </ClInclude>
    <ClInclude Include="core\vtkDICOMImageReader.h">
      <Filter>core</Filter>
    </ClInclude>
    <ClInclude Include="core\vtkDirectory.h">
      <Filter>core</Filter>
    </ClInclude>
    <ClInclude Include="core\vtkErrorCode.h">
      <Filter>core</Filter>
    </ClInclude>
    <ClInclude Include="core\vtkExecutive.h">
      <Filter>core</Filter>
    </ClInclude>
    <ClInclude Include="core\vtkFieldData.h">
      <Filter>core</Filter>
    </ClInclude>
    <ClInclude Include="core\vtkImageAlgorithm.h">
      <Filter>core</Filter>
    </ClInclude>
    <ClInclude Include="core\vtkImageData.h">
      <Filter>core</Filter>
    </ClInclude>
    <ClInclude Include="core\vtkImageReader2.h">
      <Filter>core</Filter>
    </ClInclude>
    <ClInclude Include="core\vtkIOImageModule.h">
      <Filter>core</Filter>
    </ClInclude>
    <ClInclude Include="core\vtkPointData.h">
      <Filter>core</Filter>
    </ClInclude>
    <ClInclude Include="core\vtkProgressObserver.h">
      <Filter>core</Filter>
    </ClInclude>
    <ClInclude Include="core\vtkDataObject.h">
      <Filter>core</Filter>
    </ClInclude>
    <ClInclude Include="core\vtkCommonDataModelModule.h">
      <Filter>core</Filter>
    </ClInclude>
    <ClInclude Include="core\vtkCommonSystemModule.h">
      <Filter>core</Filter>
    </ClInclude>
    <ClInclude Include="core\vtkStructuredData.h">
      <Filter>core</Filter>
    </ClInclude>
    <ClInclude Include="core\vtkCompositeDataPipeline.h">
      <Filter>core</Filter>
    </ClInclude>
    <ClInclude Include="core\vtkInformationExecutivePortKey.h">
      <Filter>core</Filter>
    </ClInclude>
    <ClInclude Include="core\vtkInformationExecutivePortVectorKey.h">
      <Filter>core</Filter>
    </ClInclude>
    <ClInclude Include="core\vtkTreeAlgorithm.h">
      <Filter>core</Filter>
    </ClInclude>
    <ClInclude Include="core\vtkTrivialConsumer.h">
      <Filter>core</Filter>
    </ClInclude>
    <ClInclude Include="core\vtkTrivialProducer.h">
      <Filter>core</Filter>
    </ClInclude>
    <ClInclude Include="core\vtkBoundingBox.h">
      <Filter>core</Filter>
    </ClInclude>
    <ClInclude Include="core\vtkCell.h">
      <Filter>core</Filter>
    </ClInclude>
    <ClInclude Include="core\vtkCellArray.h">
      <Filter>core</Filter>
    </ClInclude>
    <ClInclude Include="core\vtkCellArrayIterator.h">
      <Filter>core</Filter>
    </ClInclude>
    <ClInclude Include="core\vtkCellAttribute.h">
      <Filter>core</Filter>
    </ClInclude>
    <ClInclude Include="core\vtkCellAttributeCalculator.h">
      <Filter>core</Filter>
    </ClInclude>
    <ClInclude Include="core\vtkCellGrid.h">
      <Filter>core</Filter>
    </ClInclude>
    <ClInclude Include="core\vtkCellGridBoundsQuery.h">
      <Filter>core</Filter>
    </ClInclude>
    <ClInclude Include="core\vtkCellGridCopyQuery.h">
      <Filter>core</Filter>
    </ClInclude>
    <ClInclude Include="core\vtkCellGridQuery.h">
      <Filter>core</Filter>
    </ClInclude>
    <ClInclude Include="core\vtkCellGridRangeQuery.h">
      <Filter>core</Filter>
    </ClInclude>
    <ClInclude Include="core\vtkCellGridResponder.h">
      <Filter>core</Filter>
    </ClInclude>
    <ClInclude Include="core\vtkCellGridResponderBase.h">
      <Filter>core</Filter>
    </ClInclude>
    <ClInclude Include="core\vtkCellGridResponders.h">
      <Filter>core</Filter>
    </ClInclude>
    <ClInclude Include="core\vtkCellGridSidesCache.h">
      <Filter>core</Filter>
    </ClInclude>
    <ClInclude Include="core\vtkCellIterator.h">
      <Filter>core</Filter>
    </ClInclude>
    <ClInclude Include="core\vtkCellMetadata.h">
      <Filter>core</Filter>
    </ClInclude>
    <ClInclude Include="core\vtkCellTreeLocator.h">
      <Filter>core</Filter>
    </ClInclude>
    <ClInclude Include="core\vtkCellType.h">
      <Filter>core</Filter>
    </ClInclude>
    <ClInclude Include="core\vtkCellTypes.h">
      <Filter>core</Filter>
    </ClInclude>
    <ClInclude Include="core\vtkDataSetCollection.h">
      <Filter>core</Filter>
    </ClInclude>
    <ClInclude Include="core\vtkGenericCell.h">
      <Filter>core</Filter>
    </ClInclude>
    <ClInclude Include="core\vtkGenericCellIterator.h">
      <Filter>core</Filter>
    </ClInclude>
    <ClInclude Include="core\vtkGenericEdgeTable.h">
      <Filter>core</Filter>
    </ClInclude>
    <ClInclude Include="core\vtkGenericPointIterator.h">
      <Filter>core</Filter>
    </ClInclude>
    <ClInclude Include="core\vtkCommonMiscModule.h">
      <Filter>core</Filter>
    </ClInclude>
    <ClInclude Include="core\vtkNonLinearCell.h">
      <Filter>core</Filter>
    </ClInclude>
    <ClInclude Include="core\vtkAbstractCellArray.h">
      <Filter>core</Filter>
    </ClInclude>
    <ClInclude Include="core\vtkFilteringInformationKeyManager.h">
      <Filter>core</Filter>
    </ClInclude>
    <ClInclude Include="core\vtkMatrix3x3.h">
      <Filter>core</Filter>
    </ClInclude>
    <ClInclude Include="core\vtkMatrix4x4.h">
      <Filter>core</Filter>
    </ClInclude>
    <ClInclude Include="core\vtkCommonMathModule.h">
      <Filter>core</Filter>
    </ClInclude>
    <ClInclude Include="core\vtkImplicitFunction.h">
      <Filter>core</Filter>
    </ClInclude>
    <ClInclude Include="core\vtkPlane.h">
      <Filter>core</Filter>
    </ClInclude>
    <ClInclude Include="core\vtkPlaneCollection.h">
      <Filter>core</Filter>
    </ClInclude>
    <ClInclude Include="core\vtkPlanes.h">
      <Filter>core</Filter>
    </ClInclude>
    <ClInclude Include="core\vtkPlanesIntersection.h">
      <Filter>core</Filter>
    </ClInclude>
    <ClInclude Include="core\vtkAbstractElectronicData.h">
      <Filter>core</Filter>
    </ClInclude>
    <ClInclude Include="core\vtkTuple.h">
      <Filter>core</Filter>
    </ClInclude>
    <ClInclude Include="core\vtkQuad.h">
      <Filter>core</Filter>
    </ClInclude>
    <ClInclude Include="core\vtkTriangle.h">
      <Filter>core</Filter>
    </ClInclude>
    <ClInclude Include="core\vtkLine.h">
      <Filter>core</Filter>
    </ClInclude>
    <ClInclude Include="core\vtkLocator.h">
      <Filter>core</Filter>
    </ClInclude>
    <ClInclude Include="core\vtkAbstractPointLocator.h">
      <Filter>core</Filter>
    </ClInclude>
    <ClInclude Include="core\vtkIncrementalPointLocator.h">
      <Filter>core</Filter>
    </ClInclude>
    <ClInclude Include="core\vtkQuadraticEdge.h">
      <Filter>core</Filter>
    </ClInclude>
    <ClInclude Include="core\vtkPolygon.h">
      <Filter>core</Filter>
    </ClInclude>
    <ClInclude Include="core\vtkEmptyCell.h">
      <Filter>core</Filter>
    </ClInclude>
    <ClInclude Include="core\vtkTemplateAliasMacro.h">
      <Filter>core</Filter>
    </ClInclude>
    <ClInclude Include="core\vtkFunctionSet.h">
      <Filter>core</Filter>
    </ClInclude>
    <ClInclude Include="core\vtkAbstractCellLocator.h">
      <Filter>core</Filter>
    </ClInclude>
    <ClInclude Include="core\vtkCompositeDataIterator.h">
      <Filter>core</Filter>
    </ClInclude>
    <ClInclude Include="core\vtkCompositeDataSet.h">
      <Filter>core</Filter>
    </ClInclude>
    <ClInclude Include="core\vtkDataObjectTree.h">
      <Filter>core</Filter>
    </ClInclude>
    <ClInclude Include="core\vtkDataObjectTreeInternals.h">
      <Filter>core</Filter>
    </ClInclude>
    <ClInclude Include="core\vtkDataObjectTreeIterator.h">
      <Filter>core</Filter>
    </ClInclude>
    <ClInclude Include="core\vtkDataObjectTreeRange.h">
      <Filter>core</Filter>
    </ClInclude>
    <ClInclude Include="core\vtkPartitionedDataSet.h">
      <Filter>core</Filter>
    </ClInclude>
    <ClInclude Include="core\vtkUniformGrid.h">
      <Filter>core</Filter>
    </ClInclude>
    <ClInclude Include="core\vtkUniformGridAMR.h">
      <Filter>core</Filter>
    </ClInclude>
    <ClInclude Include="core\vtkUniformGridAMRDataIterator.h">
      <Filter>core</Filter>
    </ClInclude>
    <ClInclude Include="core\vtkAMRDataInternals.h">
      <Filter>core</Filter>
    </ClInclude>
    <ClInclude Include="core\vtkStructuredCellArray.h">
      <Filter>core</Filter>
    </ClInclude>
    <ClInclude Include="core\vtkStructuredExtent.h">
      <Filter>core</Filter>
    </ClInclude>
    <ClInclude Include="core\vtkMultiBlockDataSet.h">
      <Filter>core</Filter>
    </ClInclude>
    <ClInclude Include="core\vtkMultiPieceDataSet.h">
      <Filter>core</Filter>
    </ClInclude>
    <ClInclude Include="core\vtkPartitionedDataSetCollection.h">
      <Filter>core</Filter>
    </ClInclude>
    <ClInclude Include="core\vtkDataAssembly.h">
      <Filter>core</Filter>
    </ClInclude>
    <ClInclude Include="core\vtkDataAssemblyVisitor.h">
      <Filter>core</Filter>
    </ClInclude>
    <ClInclude Include="core\vtkCompositeDataSetNodeReference.h">
      <Filter>core</Filter>
    </ClInclude>
    <ClInclude Include="core\vtkCompositeDataSetRange.h">
      <Filter>core</Filter>
    </ClInclude>
    <ClInclude Include="core\vtkDataObjectTypes.h">
      <Filter>core</Filter>
    </ClInclude>
    <ClInclude Include="core\vtkNonOverlappingAMR.h">
      <Filter>core</Filter>
    </ClInclude>
    <ClInclude Include="core\vtkPointSet.h">
      <Filter>core</Filter>
    </ClInclude>
    <ClInclude Include="core\vtkPointLocator.h">
      <Filter>core</Filter>
    </ClInclude>
    <ClInclude Include="core\vtkPolyData.h">
      <Filter>core</Filter>
    </ClInclude>
    <ClInclude Include="core\vtkCellLinks.h">
      <Filter>core</Filter>
    </ClInclude>
    <ClInclude Include="core\vtkAbstractCellLinks.h">
      <Filter>core</Filter>
    </ClInclude>
    <ClInclude Include="core\vtkPolyDataInternals.h">
      <Filter>core</Filter>
    </ClInclude>
    <ClInclude Include="core\vtkStaticCellLinks.h">
      <Filter>core</Filter>
    </ClInclude>
    <ClInclude Include="core\vtkStaticCellLinksTemplate.h">
      <Filter>core</Filter>
    </ClInclude>
    <ClInclude Include="core\vtkUnstructuredGrid.h">
      <Filter>core</Filter>
    </ClInclude>
    <ClInclude Include="core\vtkUnstructuredGridBase.h">
      <Filter>core</Filter>
    </ClInclude>
    <ClInclude Include="core\vtkUnstructuredGridCellIterator.h">
      <Filter>core</Filter>
    </ClInclude>
    <ClInclude Include="core\vtkPiecewiseFunction.h">
      <Filter>core</Filter>
    </ClInclude>
    <ClInclude Include="core\vtkStructuredPoints.h">
      <Filter>core</Filter>
    </ClInclude>
    <ClInclude Include="core\vtkCellData.h">
      <Filter>core</Filter>
    </ClInclude>
    <ClInclude Include="core\vtkAMRBox.h">
      <Filter>core</Filter>
    </ClInclude>
    <ClInclude Include="core\vtkAMRInformation.h">
      <Filter>core</Filter>
    </ClInclude>
    <ClInclude Include="core\vtk_pegtl.h">
      <Filter>core</Filter>
    </ClInclude>
    <ClInclude Include="core\vtkBox.h">
      <Filter>core</Filter>
    </ClInclude>
    <ClInclude Include="core\vtkCommonTransformsModule.h">
      <Filter>core</Filter>
    </ClInclude>
    <ClInclude Include="core\vtkHomogeneousTransform.h">
      <Filter>core</Filter>
    </ClInclude>
    <ClInclude Include="core\vtkAbstractTransform.h">
      <Filter>core</Filter>
    </ClInclude>
    <ClInclude Include="core\vtkLinearTransform.h">
      <Filter>core</Filter>
    </ClInclude>
    <ClInclude Include="core\vtkTransform.h">
      <Filter>core</Filter>
    </ClInclude>
    <ClInclude Include="core\vtkPointsProjectedHull.h">
      <Filter>core</Filter>
    </ClInclude>
    <ClInclude Include="core\vtkPointSetCellIterator.h">
      <Filter>core</Filter>
    </ClInclude>
    <ClInclude Include="core\vtkStaticCellLocator.h">
      <Filter>core</Filter>
    </ClInclude>
    <ClInclude Include="core\vtkMergePoints.h">
      <Filter>core</Filter>
    </ClInclude>
    <ClInclude Include="core\vtkStaticPointLocator.h">
      <Filter>core</Filter>
    </ClInclude>
    <ClInclude Include="core\vtkInformationIntegerRequestKey.h">
      <Filter>core</Filter>
    </ClInclude>
    <ClInclude Include="core\vtkDemandDrivenPipeline.h">
      <Filter>core</Filter>
    </ClInclude>
    <ClInclude Include="core\vtkExecutionAggregator.h">
      <Filter>core</Filter>
    </ClInclude>
    <ClInclude Include="core\vtkExecutionRange.h">
      <Filter>core</Filter>
    </ClInclude>
    <ClInclude Include="core\vtkStreamingDemandDrivenPipeline.h">
      <Filter>core</Filter>
    </ClInclude>
    <ClInclude Include="core\vtkVector.h">
      <Filter>core</Filter>
    </ClInclude>
    <ClInclude Include="core\vtkVectorOperators.h">
      <Filter>core</Filter>
    </ClInclude>
    <ClInclude Include="core\vtkExtentTranslator.h">
      <Filter>core</Filter>
    </ClInclude>
    <ClInclude Include="core\vtkArrayCoordinates.h">
      <Filter>core</Filter>
    </ClInclude>
    <ClInclude Include="core\vtkArrayRange.h">
      <Filter>core</Filter>
    </ClInclude>
    <ClInclude Include="core\vtkExplicitStructuredGrid.h">
      <Filter>core</Filter>
    </ClInclude>
    <ClInclude Include="core\vtkDataSetCellIterator.h">
      <Filter>core</Filter>
    </ClInclude>
    <ClInclude Include="core\vtkRectilinearGrid.h">
      <Filter>core</Filter>
    </ClInclude>
    <ClInclude Include="core\vtkCompositeDataSet.txx">
      <Filter>core</Filter>
    </ClInclude>
    <ClInclude Include="core\vtkStaticCellLinksTemplate.txx">
      <Filter>core</Filter>
    </ClInclude>
    <ClInclude Include="core\vtkExecutableRunner.h">
      <Filter>core</Filter>
    </ClInclude>
    <ClInclude Include="core\vtkColorTransferFunction.h">
      <Filter>core</Filter>
    </ClInclude>
    <ClInclude Include="core\vtkCIEDE2000.h">
      <Filter>core</Filter>
    </ClInclude>
    <ClInclude Include="core\vtkAbstractImageInterpolator.h">
      <Filter>core</Filter>
    </ClInclude>
    <ClInclude Include="core\vtkAbstractMapper.h">
      <Filter>core</Filter>
    </ClInclude>
    <ClInclude Include="core\vtkAbstractMapper3D.h">
      <Filter>core</Filter>
    </ClInclude>
    <ClInclude Include="core\vtkAbstractVolumeMapper.h">
      <Filter>core</Filter>
    </ClInclude>
    <ClInclude Include="core\vtkCamera.h">
      <Filter>core</Filter>
    </ClInclude>
    <ClInclude Include="core\vtkContourValues.h">
      <Filter>core</Filter>
    </ClInclude>
    <ClInclude Include="core\vtkGPUInfo.h">
      <Filter>core</Filter>
    </ClInclude>
    <ClInclude Include="core\vtkGPUInfoList.h">
      <Filter>core</Filter>
    </ClInclude>
    <ClInclude Include="core\vtkGPUInfoListArray.h">
      <Filter>core</Filter>
    </ClInclude>
    <ClInclude Include="core\vtkGPUVolumeRayCastMapper.h">
      <Filter>core</Filter>
    </ClInclude>
    <ClInclude Include="core\vtkGraphicsFactory.h">
      <Filter>core</Filter>
    </ClInclude>
    <ClInclude Include="core\vtkImageInterpolator.h">
      <Filter>core</Filter>
    </ClInclude>
    <ClInclude Include="core\vtkImageInterpolatorInternals.h">
      <Filter>core</Filter>
    </ClInclude>
    <ClInclude Include="core\vtkImagePointDataIterator.h">
      <Filter>core</Filter>
    </ClInclude>
    <ClInclude Include="core\vtkImageResample.h">
      <Filter>core</Filter>
    </ClInclude>
    <ClInclude Include="core\vtkImageReslice.h">
      <Filter>core</Filter>
    </ClInclude>
    <ClInclude Include="core\vtkImageStencilData.h">
      <Filter>core</Filter>
    </ClInclude>
    <ClInclude Include="core\vtkMultiVolume.h">
      <Filter>core</Filter>
    </ClInclude>
    <ClInclude Include="core\vtkProp.h">
      <Filter>core</Filter>
    </ClInclude>
    <ClInclude Include="core\vtkProp3D.h">
      <Filter>core</Filter>
    </ClInclude>
    <ClInclude Include="core\vtkProp3DCollection.h">
      <Filter>core</Filter>
    </ClInclude>
    <ClInclude Include="core\vtkProp3DFollower.h">
      <Filter>core</Filter>
    </ClInclude>
    <ClInclude Include="core\vtkPropAssembly.h">
      <Filter>core</Filter>
    </ClInclude>
    <ClInclude Include="core\vtkPropCollection.h">
      <Filter>core</Filter>
    </ClInclude>
    <ClInclude Include="core\vtkRect.h">
      <Filter>core</Filter>
    </ClInclude>
    <ClInclude Include="core\vtkThreadedImageAlgorithm.h">
      <Filter>core</Filter>
    </ClInclude>
    <ClInclude Include="core\vtkTimerLog.h">
      <Filter>core</Filter>
    </ClInclude>
    <ClInclude Include="core\vtkVolumeMapper.h">
      <Filter>core</Filter>
    </ClInclude>
    <ClInclude Include="core\vtkVolumeProperty.h">
      <Filter>core</Filter>
    </ClInclude>
    <ClInclude Include="core\vtkRenderWindow.h">
      <Filter>core</Filter>
    </ClInclude>
    <ClInclude Include="core\vtkRenderer.h">
      <Filter>core</Filter>
    </ClInclude>
    <ClInclude Include="core\vtkRendererCollection.h">
      <Filter>core</Filter>
    </ClInclude>
    <ClInclude Include="core\vtkRenderTimerLog.h">
      <Filter>core</Filter>
    </ClInclude>
    <ClInclude Include="core\vtkRenderWindowInteractor.h">
      <Filter>core</Filter>
    </ClInclude>
    <ClInclude Include="core\vtkRenderWindowInteractor3D.h">
      <Filter>core</Filter>
    </ClInclude>
    <ClInclude Include="core\vtkStereoCompositor.h">
      <Filter>core</Filter>
    </ClInclude>
    <ClInclude Include="core\vtkRenderingCoreModule.h">
      <Filter>core</Filter>
    </ClInclude>
    <ClInclude Include="core\vtkViewport.h">
      <Filter>core</Filter>
    </ClInclude>
    <ClInclude Include="core\vtkSelection.h">
      <Filter>core</Filter>
    </ClInclude>
    <ClInclude Include="core\vtkSelectionNode.h">
      <Filter>core</Filter>
    </ClInclude>
    <ClInclude Include="core\vtkAbstractPicker.h">
      <Filter>core</Filter>
    </ClInclude>
    <ClInclude Include="core\vtkAbstractPropPicker.h">
      <Filter>core</Filter>
    </ClInclude>
    <ClInclude Include="core\vtkPickingManager.h">
      <Filter>core</Filter>
    </ClInclude>
    <ClInclude Include="core\vtkAssembly.h">
      <Filter>core</Filter>
    </ClInclude>
    <ClInclude Include="core\vtkAssemblyNode.h">
      <Filter>core</Filter>
    </ClInclude>
    <ClInclude Include="core\vtkAssemblyPath.h">
      <Filter>core</Filter>
    </ClInclude>
    <ClInclude Include="core\vtkAssemblyPaths.h">
      <Filter>core</Filter>
    </ClInclude>
    <ClInclude Include="core\vtkVolume.h">
      <Filter>core</Filter>
    </ClInclude>
    <ClInclude Include="core\vtkVolumeCollection.h">
      <Filter>core</Filter>
    </ClInclude>
    <ClInclude Include="core\vtkActor.h">
      <Filter>core</Filter>
    </ClInclude>
    <ClInclude Include="core\vtkActor2D.h">
      <Filter>core</Filter>
    </ClInclude>
    <ClInclude Include="core\vtkActor2DCollection.h">
      <Filter>core</Filter>
    </ClInclude>
    <ClInclude Include="core\vtkActorCollection.h">
      <Filter>core</Filter>
    </ClInclude>
    <ClInclude Include="core\vtkProperty.h">
      <Filter>core</Filter>
    </ClInclude>
    <ClInclude Include="core\vtkProperty2D.h">
      <Filter>core</Filter>
    </ClInclude>
    <ClInclude Include="core\vtkXMLDataElement.h">
      <Filter>core</Filter>
    </ClInclude>
    <ClInclude Include="core\vtkXMLDataHeaderPrivate.h">
      <Filter>core</Filter>
    </ClInclude>
    <ClInclude Include="core\vtkXMLDataParser.h">
      <Filter>core</Filter>
    </ClInclude>
    <ClInclude Include="core\vtkXMLParser.h">
      <Filter>core</Filter>
    </ClInclude>
    <ClInclude Include="core\vtkXMLUtilities.h">
      <Filter>core</Filter>
    </ClInclude>
    <ClInclude Include="core\vtkIOXMLParserModule.h">
      <Filter>core</Filter>
    </ClInclude>
    <ClInclude Include="core\vtkDataCompressor.h">
      <Filter>core</Filter>
    </ClInclude>
    <ClInclude Include="core\vtkIOCoreModule.h">
      <Filter>core</Filter>
    </ClInclude>
    <ClInclude Include="core\vtkInputStream.h">
      <Filter>core</Filter>
    </ClInclude>
    <ClInclude Include="core\vtkTexture.h">
      <Filter>core</Filter>
    </ClInclude>
    <ClInclude Include="core\vtkTexturedActor2D.h">
      <Filter>core</Filter>
    </ClInclude>
    <ClInclude Include="core\vtkBase64InputStream.h">
      <Filter>core</Filter>
    </ClInclude>
    <ClInclude Include="core\vtkBase64OutputStream.h">
      <Filter>core</Filter>
    </ClInclude>
    <ClInclude Include="core\vtkBase64Utilities.h">
      <Filter>core</Filter>
    </ClInclude>
    <ClInclude Include="core\vtkOutputStream.h">
      <Filter>core</Filter>
    </ClInclude>
    <ClInclude Include="core\vtkCoordinate.h">
      <Filter>core</Filter>
    </ClInclude>
    <ClInclude Include="core\vtkMapper.h">
      <Filter>core</Filter>
    </ClInclude>
    <ClInclude Include="core\vtkMapper2D.h">
      <Filter>core</Filter>
    </ClInclude>
    <ClInclude Include="core\vtkMapperCollection.h">
      <Filter>core</Filter>
    </ClInclude>
    <ClInclude Include="core\vtkNamedColors.h">
      <Filter>core</Filter>
    </ClInclude>
    <ClInclude Include="core\vtkColorSeries.h">
      <Filter>core</Filter>
    </ClInclude>
    <ClInclude Include="core\vtkColor.h">
      <Filter>core</Filter>
    </ClInclude>
    <ClInclude Include="core\vtkCommonColorModule.h">
      <Filter>core</Filter>
    </ClInclude>
    <ClInclude Include="core\vtkPerspectiveTransform.h">
      <Filter>core</Filter>
    </ClInclude>
    <ClInclude Include="core\vtkImageStencilAlgorithm.h">
      <Filter>core</Filter>
    </ClInclude>
    <ClInclude Include="core\vtkImageStencilIterator.h">
      <Filter>core</Filter>
    </ClInclude>
    <ClInclude Include="core\vtkImageStencilSource.h">
      <Filter>core</Filter>
    </ClInclude>
    <ClInclude Include="core\vtkImagingCoreModule.h">
      <Filter>core</Filter>
    </ClInclude>
    <ClInclude Include="core\vtkShaderProperty.h">
      <Filter>core</Filter>
    </ClInclude>
    <ClInclude Include="core\vtkUniforms.h">
      <Filter>core</Filter>
    </ClInclude>
    <ClInclude Include="core\vtkMatrixToLinearTransform.h">
      <Filter>core</Filter>
    </ClInclude>
    <ClInclude Include="core\vtkHardwareWindow.h">
      <Filter>core</Filter>
    </ClInclude>
    <ClInclude Include="core\vtkLight.h">
      <Filter>core</Filter>
    </ClInclude>
    <ClInclude Include="core\vtkLightCollection.h">
      <Filter>core</Filter>
    </ClInclude>
    <ClInclude Include="core\vtkRenderPass.h">
      <Filter>core</Filter>
    </ClInclude>
    <ClInclude Include="core\vtkRenderState.h">
      <Filter>core</Filter>
    </ClInclude>
    <ClInclude Include="core\vtkFrameBufferObjectBase.h">
      <Filter>core</Filter>
    </ClInclude>
    <ClInclude Include="core\vtkFXAAOptions.h">
      <Filter>core</Filter>
    </ClInclude>
    <ClInclude Include="core\vtkRendererDelegate.h">
      <Filter>core</Filter>
    </ClInclude>
    <ClInclude Include="core\vtkRendererSource.h">
      <Filter>core</Filter>
    </ClInclude>
    <ClInclude Include="core\vtkCuller.h">
      <Filter>core</Filter>
    </ClInclude>
    <ClInclude Include="core\vtkCullerCollection.h">
      <Filter>core</Filter>
    </ClInclude>
    <ClInclude Include="core\vtkHardwareSelector.h">
      <Filter>core</Filter>
    </ClInclude>
    <ClInclude Include="core\vtkCellGridMapper.h">
      <Filter>core</Filter>
    </ClInclude>
    <ClInclude Include="core\vtkFrustumCoverageCuller.h">
      <Filter>core</Filter>
    </ClInclude>
    <ClInclude Include="core\vtkInteractorStyle.h">
      <Filter>core</Filter>
    </ClInclude>
    <ClInclude Include="core\vtkInteractorStyle3D.h">
      <Filter>core</Filter>
    </ClInclude>
    <ClInclude Include="core\vtkInteractorStyleSwitchBase.h">
      <Filter>core</Filter>
    </ClInclude>
    <ClInclude Include="core\vtkInteractorObserver.h">
      <Filter>core</Filter>
    </ClInclude>
    <ClInclude Include="core\vtkObserverMediator.h">
      <Filter>core</Filter>
    </ClInclude>
    <ClInclude Include="core\vtkPropPicker.h">
      <Filter>core</Filter>
    </ClInclude>
    <ClInclude Include="core\vtkWorldPointPicker.h">
      <Filter>core</Filter>
    </ClInclude>
    <ClInclude Include="core\vtkQuaternion.h">
      <Filter>core</Filter>
    </ClInclude>
    <ClInclude Include="core\vtkQuaternionInterpolator.h">
      <Filter>core</Filter>
    </ClInclude>
    <ClInclude Include="core\vtk_expat.h">
      <Filter>core</Filter>
    </ClInclude>
    <ClInclude Include="core\vtkexpat\lib\ascii.h">
      <Filter>core\vtkexpat\lib</Filter>
    </ClInclude>
    <ClInclude Include="core\vtkexpat\lib\asciitab.h">
      <Filter>core\vtkexpat\lib</Filter>
    </ClInclude>
    <ClInclude Include="core\vtkexpat\lib\expat.h">
      <Filter>core\vtkexpat\lib</Filter>
    </ClInclude>
    <ClInclude Include="core\vtkexpat\lib\expat_external.h">
      <Filter>core\vtkexpat\lib</Filter>
    </ClInclude>
    <ClInclude Include="core\vtkexpat\lib\iasciitab.h">
      <Filter>core\vtkexpat\lib</Filter>
    </ClInclude>
    <ClInclude Include="core\vtkexpat\lib\internal.h">
      <Filter>core\vtkexpat\lib</Filter>
    </ClInclude>
    <ClInclude Include="core\vtkexpat\lib\latin1tab.h">
      <Filter>core\vtkexpat\lib</Filter>
    </ClInclude>
    <ClInclude Include="core\vtkexpat\lib\nametab.h">
      <Filter>core\vtkexpat\lib</Filter>
    </ClInclude>
    <ClInclude Include="core\vtkexpat\lib\siphash.h">
      <Filter>core\vtkexpat\lib</Filter>
    </ClInclude>
    <ClInclude Include="core\vtkexpat\lib\utf8tab.h">
      <Filter>core\vtkexpat\lib</Filter>
    </ClInclude>
    <ClInclude Include="core\vtkexpat\lib\vtk_expat_mangle.h">
      <Filter>core\vtkexpat\lib</Filter>
    </ClInclude>
    <ClInclude Include="core\vtkexpat\lib\winconfig.h">
      <Filter>core\vtkexpat\lib</Filter>
    </ClInclude>
    <ClInclude Include="core\vtkexpat\lib\xmlrole.h">
      <Filter>core\vtkexpat\lib</Filter>
    </ClInclude>
    <ClInclude Include="core\vtkexpat\lib\xmltok.h">
      <Filter>core\vtkexpat\lib</Filter>
    </ClInclude>
    <ClInclude Include="core\vtkexpat\lib\xmltok_impl.h">
      <Filter>core\vtkexpat\lib</Filter>
    </ClInclude>
    <ClInclude Include="core\vtkPolyDataAlgorithm.h">
      <Filter>core</Filter>
    </ClInclude>
    <ClInclude Include="core\vtkFiltersSourcesModule.h">
      <Filter>core</Filter>
    </ClInclude>
    <ClInclude Include="core\vtkOutlineSource.h">
      <Filter>core</Filter>
    </ClInclude>
    <ClInclude Include="core\vtkPolyDataMapper.h">
      <Filter>core</Filter>
    </ClInclude>
    <ClInclude Include="core\vtkTDxInteractorStyle.h">
      <Filter>core</Filter>
    </ClInclude>
    <ClInclude Include="core\vtkTDxInteractorStyleCamera.h">
      <Filter>core</Filter>
    </ClInclude>
    <ClInclude Include="core\vtkTDxInteractorStyleSettings.h">
      <Filter>core</Filter>
    </ClInclude>
    <ClInclude Include="core\vtkTDxMotionEventInfo.h">
      <Filter>core</Filter>
    </ClInclude>
    <ClInclude Include="core\vtkCellPicker.h">
      <Filter>core</Filter>
    </ClInclude>
    <ClInclude Include="core\vtkPicker.h">
      <Filter>core</Filter>
    </ClInclude>
    <ClInclude Include="core\vtkImageMapper.h">
      <Filter>core</Filter>
    </ClInclude>
    <ClInclude Include="core\vtkImageMapper3D.h">
      <Filter>core</Filter>
    </ClInclude>
    <ClInclude Include="core\vtkImageSlice.h">
      <Filter>core</Filter>
    </ClInclude>
    <ClInclude Include="core\vtkImageSliceMapper.h">
      <Filter>core</Filter>
    </ClInclude>
    <ClInclude Include="core\vtkImageProperty.h">
      <Filter>core</Filter>
    </ClInclude>
    <ClInclude Include="core\vtkLODProp3D.h">
      <Filter>core</Filter>
    </ClInclude>
    <ClInclude Include="core\vtkEdgeTable.h">
      <Filter>core</Filter>
    </ClInclude>
    <ClInclude Include="core\vtkHeap.h">
      <Filter>core</Filter>
    </ClInclude>
    <ClInclude Include="core\vtkVertex.h">
      <Filter>core</Filter>
    </ClInclude>
    <ClInclude Include="core\vtkexpat\lib\expat_config.h">
      <Filter>core\vtkexpat\lib</Filter>
    </ClInclude>
    <ClInclude Include="core\vtkOpenGLGPUVolumeRayCastMapper.h">
      <Filter>core</Filter>
    </ClInclude>
    <ClInclude Include="core\vtkRenderingVolumeOpenGL2ObjectFactory.h">
      <Filter>core</Filter>
    </ClInclude>
    <ClInclude Include="core\vtkRenderingVolumeOpenGL2Module.h">
      <Filter>core</Filter>
    </ClInclude>
    <ClInclude Include="core\vtkRenderingOpenGL2Module.h">
      <Filter>core</Filter>
    </ClInclude>
    <ClInclude Include="core\vtkRenderingVolumeModule.h">
      <Filter>core</Filter>
    </ClInclude>
    <ClInclude Include="core\vtkRenderingHyperTreeGridModule.h">
      <Filter>core</Filter>
    </ClInclude>
    <ClInclude Include="core\vtkRenderingUIModule.h">
      <Filter>core</Filter>
    </ClInclude>
    <ClInclude Include="core\vtkVolumeStateRAII.h">
      <Filter>core</Filter>
    </ClInclude>
    <ClInclude Include="core\vtkOpenGLRenderWindow.h">
      <Filter>core</Filter>
    </ClInclude>
    <ClInclude Include="core\vtkOpenGLResourceFreeCallback.h">
      <Filter>core</Filter>
    </ClInclude>
    <ClInclude Include="core\vtkOpenGLShaderCache.h">
      <Filter>core</Filter>
    </ClInclude>
    <ClInclude Include="core\vtkOpenGLShaderDeclaration.h">
      <Filter>core</Filter>
    </ClInclude>
    <ClInclude Include="core\vtkOpenGLShaderProperty.h">
      <Filter>core</Filter>
    </ClInclude>
    <ClInclude Include="core\vtkShader.h">
      <Filter>core</Filter>
    </ClInclude>
    <ClInclude Include="core\vtkShaderProgram.h">
      <Filter>core</Filter>
    </ClInclude>
    <ClInclude Include="core\raycasterfs.h">
      <Filter>core</Filter>
    </ClInclude>
    <ClInclude Include="core\raycastervs.h">
      <Filter>core</Filter>
    </ClInclude>
    <ClInclude Include="core\vtkOpenGLActor.h">
      <Filter>core</Filter>
    </ClInclude>
    <ClInclude Include="core\vtkDepthPeelingPass.h">
      <Filter>core</Filter>
    </ClInclude>
    <ClInclude Include="core\vtkDualDepthPeelingPass.h">
      <Filter>core</Filter>
    </ClInclude>
    <ClInclude Include="core\vtkOpenGLRenderPass.h">
      <Filter>core</Filter>
    </ClInclude>
    <ClInclude Include="core\vtkOpenGLUniforms.h">
      <Filter>core</Filter>
    </ClInclude>
    <ClInclude Include="core\vtkOpenGLVertexArrayObject.h">
      <Filter>core</Filter>
    </ClInclude>
    <ClInclude Include="core\vtkOpenGLVertexBufferObject.h">
      <Filter>core</Filter>
    </ClInclude>
    <ClInclude Include="core\vtkOpenGLVertexBufferObjectCache.h">
      <Filter>core</Filter>
    </ClInclude>
    <ClInclude Include="core\vtkOpenGLVertexBufferObjectGroup.h">
      <Filter>core</Filter>
    </ClInclude>
    <ClInclude Include="core\vtkOpenGLBufferObject.h">
      <Filter>core</Filter>
    </ClInclude>
    <ClInclude Include="core\vtkOpenGLState.h">
      <Filter>core</Filter>
    </ClInclude>
    <ClInclude Include="core\vtkDensifyPolyData.h">
      <Filter>core</Filter>
    </ClInclude>
    <ClInclude Include="core\vtkFiltersGeneralModule.h">
      <Filter>core</Filter>
    </ClInclude>
    <ClInclude Include="core\vtkOpenGLCamera.h">
      <Filter>core</Filter>
    </ClInclude>
    <ClInclude Include="core\vtkOpenGLError.h">
      <Filter>core</Filter>
    </ClInclude>
    <ClInclude Include="core\vtkOpenGLFramebufferObject.h">
      <Filter>core</Filter>
    </ClInclude>
    <ClInclude Include="core\vtkOpenGLRenderUtilities.h">
      <Filter>core</Filter>
    </ClInclude>
    <ClInclude Include="core\vtkRenderingOpenGLConfigure.h">
      <Filter>core</Filter>
    </ClInclude>
    <ClInclude Include="core\vtkPixelBufferObject.h">
      <Filter>core</Filter>
    </ClInclude>
    <ClInclude Include="core\vtkRenderbuffer.h">
      <Filter>core</Filter>
    </ClInclude>
    <ClInclude Include="core\vtkTextureObject.h">
      <Filter>core</Filter>
    </ClInclude>
    <ClInclude Include="core\vtkTextureUnitManager.h">
      <Filter>core</Filter>
    </ClInclude>
    <ClInclude Include="core\vtkOpenGLHelper.h">
      <Filter>core</Filter>
    </ClInclude>
    <ClInclude Include="core\vtkOpenGLTexture.h">
      <Filter>core</Filter>
    </ClInclude>
    <ClInclude Include="core\vtkOpenGLIndexBufferObject.h">
      <Filter>core</Filter>
    </ClInclude>
    <ClInclude Include="core\vtkOpenGLRenderer.h">
      <Filter>core</Filter>
    </ClInclude>
    <ClInclude Include="core\vtkOpenGLQuadHelper.h">
      <Filter>core</Filter>
    </ClInclude>
    <ClInclude Include="core\vtkPBRIrradianceTexture.h">
      <Filter>core</Filter>
    </ClInclude>
    <ClInclude Include="core\vtkPBRLUTTexture.h">
      <Filter>core</Filter>
    </ClInclude>
    <ClInclude Include="core\vtkPBRPrefilterTexture.h">
      <Filter>core</Filter>
    </ClInclude>
    <ClInclude Include="core\vtkOpenGLVolumeGradientOpacityTable.h">
      <Filter>core</Filter>
    </ClInclude>
    <ClInclude Include="core\vtkOpenGLVolumeMaskGradientOpacityTransferFunction2D.h">
      <Filter>core</Filter>
    </ClInclude>
    <ClInclude Include="core\vtkOpenGLVolumeMaskTransferFunction2D.h">
      <Filter>core</Filter>
    </ClInclude>
    <ClInclude Include="core\vtkOpenGLVolumeOpacityTable.h">
      <Filter>core</Filter>
    </ClInclude>
    <ClInclude Include="core\vtkOpenGLVolumeRGBTable.h">
      <Filter>core</Filter>
    </ClInclude>
    <ClInclude Include="core\vtkOpenGLVolumeTransferFunction2D.h">
      <Filter>core</Filter>
    </ClInclude>
    <ClInclude Include="core\vtkOpenGLVolumeLookupTable.h">
      <Filter>core</Filter>
    </ClInclude>
    <ClInclude Include="core\vtkOpenGLVolumeLookupTables.h">
      <Filter>core</Filter>
    </ClInclude>
    <ClInclude Include="core\vtkImageResize.h">
      <Filter>core</Filter>
    </ClInclude>
    <ClInclude Include="core\vtkImageSincInterpolator.h">
      <Filter>core</Filter>
    </ClInclude>
    <ClInclude Include="core\vtkVolumeTexture.h">
      <Filter>core</Filter>
    </ClInclude>
    <ClInclude Include="core\vtkBlockSortHelper.h">
      <Filter>core</Filter>
    </ClInclude>
    <ClInclude Include="core\vtkVolumeInputHelper.h">
      <Filter>core</Filter>
    </ClInclude>
    <ClInclude Include="core\vtkPixel.h">
      <Filter>core</Filter>
    </ClInclude>
    <ClInclude Include="core\vtkPixelExtent.h">
      <Filter>core</Filter>
    </ClInclude>
    <ClInclude Include="core\vtkTessellatedBoxSource.h">
      <Filter>core</Filter>
    </ClInclude>
    <ClInclude Include="core\vtkPixelTransfer.h">
      <Filter>core</Filter>
    </ClInclude>
    <ClInclude Include="core\vtkDepthPeelingPassFinalFS.h">
      <Filter>core</Filter>
    </ClInclude>
    <ClInclude Include="core\vtkDepthPeelingPassIntermediateFS.h">
      <Filter>core</Filter>
    </ClInclude>
    <ClInclude Include="core\vtkOpenGLPolyDataMapper.h">
      <Filter>core</Filter>
    </ClInclude>
    <ClInclude Include="core\vtkOpenGLPolyDataMapper2D.h">
      <Filter>core</Filter>
    </ClInclude>
    <ClInclude Include="core\vtkPolyDataMapper2D.h">
      <Filter>core</Filter>
    </ClInclude>
    <ClInclude Include="core\vtkStateStorage.h">
      <Filter>core</Filter>
    </ClInclude>
    <ClInclude Include="core\vtkOpenGLCellToVTKCellMap.h">
      <Filter>core</Filter>
    </ClInclude>
    <ClInclude Include="core\vtkPolyData2DFS.h">
      <Filter>core</Filter>
    </ClInclude>
    <ClInclude Include="core\vtkPolyData2DVS.h">
      <Filter>core</Filter>
    </ClInclude>
    <ClInclude Include="core\vtkPolyDataWideLineGS.h">
      <Filter>core</Filter>
    </ClInclude>
    <ClInclude Include="core\vtkVolumeShaderComposer.h">
      <Filter>core</Filter>
    </ClInclude>
    <ClInclude Include="core\vtkHiddenLineRemovalPass.h">
      <Filter>core</Filter>
    </ClInclude>
    <ClInclude Include="core\vtkOpaquePass.h">
      <Filter>core</Filter>
    </ClInclude>
    <ClInclude Include="core\vtkDefaultPass.h">
      <Filter>core</Filter>
    </ClInclude>
    <ClInclude Include="core\vtkOpenGLFXAAFilter.h">
      <Filter>core</Filter>
    </ClInclude>
    <ClInclude Include="core\vtkOpenGLFXAAPass.h">
      <Filter>core</Filter>
    </ClInclude>
    <ClInclude Include="core\vtkOpenGLRenderTimer.h">
      <Filter>core</Filter>
    </ClInclude>
    <ClInclude Include="core\vtkFXAAFilterFS.h">
      <Filter>core</Filter>
    </ClInclude>
    <ClInclude Include="core\vtkImageProcessingPass.h">
      <Filter>core</Filter>
    </ClInclude>
    <ClInclude Include="core\vtkOrderIndependentTranslucentPass.h">
      <Filter>core</Filter>
    </ClInclude>
    <ClInclude Include="core\vtkOrderIndependentTranslucentPassFinalFS.h">
      <Filter>core</Filter>
    </ClInclude>
    <ClInclude Include="core\vtkSSAAPass.h">
      <Filter>core</Filter>
    </ClInclude>
    <ClInclude Include="core\vtkSSAOPass.h">
      <Filter>core</Filter>
    </ClInclude>
    <ClInclude Include="core\vtkSSAAPassFS.h">
      <Filter>core</Filter>
    </ClInclude>
    <ClInclude Include="core\vtkShadowMapBakerPass.h">
      <Filter>core</Filter>
    </ClInclude>
    <ClInclude Include="core\vtkShadowMapPass.h">
      <Filter>core</Filter>
    </ClInclude>
    <ClInclude Include="core\vtkRenderPassCollection.h">
      <Filter>core</Filter>
    </ClInclude>
    <ClInclude Include="core\vtkLightingMapPass.h">
      <Filter>core</Filter>
    </ClInclude>
    <ClInclude Include="core\vtkLightsPass.h">
      <Filter>core</Filter>
    </ClInclude>
    <ClInclude Include="core\vtkClearRGBPass.h">
      <Filter>core</Filter>
    </ClInclude>
    <ClInclude Include="core\vtkClearZPass.h">
      <Filter>core</Filter>
    </ClInclude>
    <ClInclude Include="core\vtkSequencePass.h">
      <Filter>core</Filter>
    </ClInclude>
    <ClInclude Include="core\vtkImplicitSum.h">
      <Filter>core</Filter>
    </ClInclude>
    <ClInclude Include="core\vtkImplicitFunctionCollection.h">
      <Filter>core</Filter>
    </ClInclude>
    <ClInclude Include="core\vtkTranslucentPass.h">
      <Filter>core</Filter>
    </ClInclude>
    <ClInclude Include="core\vtkVolumetricPass.h">
      <Filter>core</Filter>
    </ClInclude>
    <ClInclude Include="core\vtkTable.h">
      <Filter>core</Filter>
    </ClInclude>
    <ClInclude Include="core\vtkSphericalHarmonics.h">
      <Filter>core</Filter>
    </ClInclude>
    <ClInclude Include="core\vtkPBRFunctions.h">
      <Filter>core</Filter>
    </ClInclude>
    <ClInclude Include="core\vtkPolyDataEdgesGS.h">
      <Filter>core</Filter>
    </ClInclude>
    <ClInclude Include="core\vtkPolyDataFS.h">
      <Filter>core</Filter>
    </ClInclude>
    <ClInclude Include="core\vtkTransformFeedback.h">
      <Filter>core</Filter>
    </ClInclude>
    <ClInclude Include="core\vtkCameraPass.h">
      <Filter>core</Filter>
    </ClInclude>
    <ClInclude Include="core\vtkJPEGReader.h">
      <Filter>core</Filter>
    </ClInclude>
    <ClInclude Include="core\vtkOpenGLLight.h">
      <Filter>core</Filter>
    </ClInclude>
    <ClInclude Include="core\vtkOpenGLProperty.h">
      <Filter>core</Filter>
    </ClInclude>
    <ClInclude Include="core\vtkPerlinNoise.h">
      <Filter>core</Filter>
    </ClInclude>
    <ClInclude Include="core\vtkWin32OpenGLRenderWindow.h">
      <Filter>core</Filter>
    </ClInclude>
    <ClInclude Include="core\vtkGenericOpenGLRenderWindow.h">
      <Filter>core</Filter>
    </ClInclude>
    <ClInclude Include="core\vtkWin32RenderWindowInteractor.h">
      <Filter>core</Filter>
    </ClInclude>
    <ClInclude Include="core\vtkMarchingSquaresLineCases.h">
      <Filter>core</Filter>
    </ClInclude>
    <ClInclude Include="core\vtkTextureObjectFS.h">
      <Filter>core</Filter>
    </ClInclude>
    <ClInclude Include="core\vtkTextureObjectVS.h">
      <Filter>core</Filter>
    </ClInclude>
    <ClInclude Include="core\vtkOSOpenGLRenderWindow.h">
      <Filter>core</Filter>
    </ClInclude>
    <ClInclude Include="core\BlueNoiseTexture64x64.h">
      <Filter>core</Filter>
    </ClInclude>
    <ClInclude Include="core\vtkFixedPointRayCastImage.h">
      <Filter>core</Filter>
    </ClInclude>
    <ClInclude Include="core\vtkOpenGLRayCastImageDisplayHelper.h">
      <Filter>core</Filter>
    </ClInclude>
    <ClInclude Include="core\vtkRayCastImageDisplayHelper.h">
      <Filter>core</Filter>
    </ClInclude>
    <ClInclude Include="core\vtkVisibilitySort.h">
      <Filter>core</Filter>
    </ClInclude>
    <ClInclude Include="core\vtkInteractorStyleTrackballCamera.h">
      <Filter>core</Filter>
    </ClInclude>
    <ClInclude Include="core\vtkInteractionStyleModule.h">
      <Filter>core</Filter>
    </ClInclude>
    <ClInclude Include="core\vtkPolyDataVS.h">
      <Filter>core</Filter>
    </ClInclude>
    <ClInclude Include="core\vtkRenderingOpenGL2ObjectFactory.h">
      <Filter>core</Filter>
    </ClInclude>
    <ClInclude Include="core\vtkDummyGPUInfoList.h">
      <Filter>core</Filter>
    </ClInclude>
    <ClInclude Include="core\vtkOpenGLRenderTimerLog.h">
      <Filter>core</Filter>
    </ClInclude>
    <ClInclude Include="core\vtkSkybox.h">
      <Filter>core</Filter>
    </ClInclude>
    <ClInclude Include="core\vtkOpenGLSkybox.h">
      <Filter>core</Filter>
    </ClInclude>
    <ClInclude Include="core\vtkOpenGLHardwareSelector.h">
      <Filter>core</Filter>
    </ClInclude>
    <ClInclude Include="core\vtkOpenGLImageMapper.h">
      <Filter>core</Filter>
    </ClInclude>
    <ClInclude Include="core\vtkOpenGLImageSliceMapper.h">
      <Filter>core</Filter>
    </ClInclude>
    <ClInclude Include="core\vtkInteractionStyleObjectFactory.h">
      <Filter>core</Filter>
    </ClInclude>
    <ClInclude Include="core\vtkInteractorStyleJoystickActor.h">
      <Filter>core</Filter>
    </ClInclude>
    <ClInclude Include="core\vtkInteractorStyleJoystickCamera.h">
      <Filter>core</Filter>
    </ClInclude>
    <ClInclude Include="core\vtkInteractorStyleMultiTouchCamera.h">
      <Filter>core</Filter>
    </ClInclude>
    <ClInclude Include="core\vtkInteractorStyleTrackballActor.h">
      <Filter>core</Filter>
    </ClInclude>
    <ClInclude Include="core\vtkInteractorStyleSwitch.h">
      <Filter>core</Filter>
    </ClInclude>
    <ClInclude Include="core\vtkRenderingUIObjectFactory.h">
      <Filter>core</Filter>
    </ClInclude>
    <ClInclude Include="core\vtkWin32HardwareWindow.h">
      <Filter>core</Filter>
    </ClInclude>
    <ClInclude Include="core\vtkFiltersCoreModule.h">
      <Filter>core</Filter>
    </ClInclude>
    <ClInclude Include="core\Export.h">
      <Filter>core</Filter>
    </ClInclude>
    <ClInclude Include="core\vtkMarchingCubes.h">
      <Filter>core</Filter>
    </ClInclude>
    <ClInclude Include="core\vtkMarchingCubesTriangleCases.h">
      <Filter>core</Filter>
    </ClInclude>
    <ClInclude Include="core\vtkImageTransform.h">
      <Filter>core</Filter>
    </ClInclude>
  </ItemGroup>
  <ItemGroup>
    <None Include="core\vtkQuaternion.txx">
      <Filter>core</Filter>
    </None>
    <None Include="core\vtkOpenGLVolumeLookupTables.txx">
      <Filter>core</Filter>
    </None>
  </ItemGroup>
</Project>