<?xml version="1.0" encoding="utf-8"?>
<Project ToolsVersion="4.0" xmlns="http://schemas.microsoft.com/developer/msbuild/2003">
  <ItemGroup>
    <Filter Include="Source Files">
      <UniqueIdentifier>{4FC737F1-C7A5-4376-A066-2A32D752A2FF}</UniqueIdentifier>
      <Extensions>cpp;c;cc;cxx;c++;cppm;ixx;def;odl;idl;hpj;bat;asm;asmx</Extensions>
    </Filter>
    <Filter Include="Header Files">
      <UniqueIdentifier>{93995380-89BD-4b04-88EB-625FBE52EBFB}</UniqueIdentifier>
      <Extensions>h;hh;hpp;hxx;h++;hm;inl;inc;ipp;xsd</Extensions>
    </Filter>
    <Filter Include="Resource Files">
      <UniqueIdentifier>{67DA6AB6-F800-4c08-8B7A-83BB121AAD01}</UniqueIdentifier>
      <Extensions>rc;ico;cur;bmp;dlg;rc2;rct;bin;rgs;gif;jpg;jpeg;jpe;resx;tiff;tif;png;wav;mfcribbon-ms</Extensions>
    </Filter>
  </ItemGroup>
  <ItemGroup>
    <ClCompile Include="src\vtkAbstractArray.cxx">
      <Filter>Source Files</Filter>
    </ClCompile>
    <ClCompile Include="src\vtkByteSwap.cxx">
      <Filter>Source Files</Filter>
    </ClCompile>
    <ClCompile Include="src\vtkCallbackCommand.cxx">
      <Filter>Source Files</Filter>
    </ClCompile>
    <ClCompile Include="src\vtkCharArray.cxx">
      <Filter>Source Files</Filter>
    </ClCompile>
    <ClCompile Include="src\vtkCollection.cxx">
      <Filter>Source Files</Filter>
    </ClCompile>
    <ClCompile Include="src\vtkCollectionIterator.cxx">
      <Filter>Source Files</Filter>
    </ClCompile>
    <ClCompile Include="src\vtkCommand.cxx">
      <Filter>Source Files</Filter>
    </ClCompile>
    <ClCompile Include="src\vtkCommonInformationKeyManager.cxx">
      <Filter>Source Files</Filter>
    </ClCompile>
    <ClCompile Include="src\vtkDataArray.cxx">
      <Filter>Source Files</Filter>
    </ClCompile>
    <ClCompile Include="src\vtkDebugLeaks.cxx">
      <Filter>Source Files</Filter>
    </ClCompile>
    <ClCompile Include="src\vtkDebugLeaksManager.cxx">
      <Filter>Source Files</Filter>
    </ClCompile>
    <ClCompile Include="src\vtkDynamicLoader.cxx">
      <Filter>Source Files</Filter>
    </ClCompile>
    <ClCompile Include="src\vtkEventForwarderCommand.cxx">
      <Filter>Source Files</Filter>
    </ClCompile>
    <ClCompile Include="src\vtkFloatArray.cxx">
      <Filter>Source Files</Filter>
    </ClCompile>
    <ClCompile Include="src\vtkGarbageCollector.cxx">
      <Filter>Source Files</Filter>
    </ClCompile>
    <ClCompile Include="src\vtkGarbageCollectorManager.cxx">
      <Filter>Source Files</Filter>
    </ClCompile>
    <ClCompile Include="src\vtkGenericDataArray.cxx">
      <Filter>Source Files</Filter>
    </ClCompile>
    <ClCompile Include="src\vtkIdList.cxx">
      <Filter>Source Files</Filter>
    </ClCompile>
    <ClCompile Include="src\vtkIdTypeArray.cxx">
      <Filter>Source Files</Filter>
    </ClCompile>
    <ClCompile Include="src\vtkIndent.cxx">
      <Filter>Source Files</Filter>
    </ClCompile>
    <ClCompile Include="src\vtkInformation.cxx">
      <Filter>Source Files</Filter>
    </ClCompile>
    <ClCompile Include="src\vtkInformationDataObjectKey.cxx">
      <Filter>Source Files</Filter>
    </ClCompile>
    <ClCompile Include="src\vtkInformationDoubleKey.cxx">
      <Filter>Source Files</Filter>
    </ClCompile>
    <ClCompile Include="src\vtkInformationDoubleVectorKey.cxx">
      <Filter>Source Files</Filter>
    </ClCompile>
    <ClCompile Include="src\vtkInformationIdTypeKey.cxx">
      <Filter>Source Files</Filter>
    </ClCompile>
    <ClCompile Include="src\vtkInformationInformationKey.cxx">
      <Filter>Source Files</Filter>
    </ClCompile>
    <ClCompile Include="src\vtkInformationInformationVectorKey.cxx">
      <Filter>Source Files</Filter>
    </ClCompile>
    <ClCompile Include="src\vtkInformationIntegerKey.cxx">
      <Filter>Source Files</Filter>
    </ClCompile>
    <ClCompile Include="src\vtkInformationIntegerPointerKey.cxx">
      <Filter>Source Files</Filter>
    </ClCompile>
    <ClCompile Include="src\vtkInformationIntegerVectorKey.cxx">
      <Filter>Source Files</Filter>
    </ClCompile>
    <ClCompile Include="src\vtkInformationIterator.cxx">
      <Filter>Source Files</Filter>
    </ClCompile>
    <ClCompile Include="src\vtkInformationKey.cxx">
      <Filter>Source Files</Filter>
    </ClCompile>
    <ClCompile Include="src\vtkInformationKeyLookup.cxx">
      <Filter>Source Files</Filter>
    </ClCompile>
    <ClCompile Include="src\vtkInformationKeyVectorKey.cxx">
      <Filter>Source Files</Filter>
    </ClCompile>
    <ClCompile Include="src\vtkInformationObjectBaseKey.cxx">
      <Filter>Source Files</Filter>
    </ClCompile>
    <ClCompile Include="src\vtkInformationObjectBaseVectorKey.cxx">
      <Filter>Source Files</Filter>
    </ClCompile>
    <ClCompile Include="src\vtkInformationRequestKey.cxx">
      <Filter>Source Files</Filter>
    </ClCompile>
    <ClCompile Include="src\vtkInformationStringKey.cxx">
      <Filter>Source Files</Filter>
    </ClCompile>
    <ClCompile Include="src\vtkInformationStringVectorKey.cxx">
      <Filter>Source Files</Filter>
    </ClCompile>
    <ClCompile Include="src\vtkInformationUnsignedLongKey.cxx">
      <Filter>Source Files</Filter>
    </ClCompile>
    <ClCompile Include="src\vtkInformationVariantKey.cxx">
      <Filter>Source Files</Filter>
    </ClCompile>
    <ClCompile Include="src\vtkInformationVariantVectorKey.cxx">
      <Filter>Source Files</Filter>
    </ClCompile>
    <ClCompile Include="src\vtkInformationVector.cxx">
      <Filter>Source Files</Filter>
    </ClCompile>
    <ClCompile Include="src\vtkIntArray.cxx">
      <Filter>Source Files</Filter>
    </ClCompile>
    <ClCompile Include="src\vtkLargeInteger.cxx">
      <Filter>Source Files</Filter>
    </ClCompile>
    <ClCompile Include="src\vtkLogger.cxx">
      <Filter>Source Files</Filter>
    </ClCompile>
    <ClCompile Include="src\vtkLongArray.cxx">
      <Filter>Source Files</Filter>
    </ClCompile>
    <ClCompile Include="src\vtkLongLongArray.cxx">
      <Filter>Source Files</Filter>
    </ClCompile>
    <ClCompile Include="src\vtkLookupTable.cxx">
      <Filter>Source Files</Filter>
    </ClCompile>
    <ClCompile Include="src\vtkMath.cxx">
      <Filter>Source Files</Filter>
    </ClCompile>
    <ClCompile Include="src\vtkMinimalStandardRandomSequence.cxx">
      <Filter>Source Files</Filter>
    </ClCompile>
    <ClCompile Include="src\vtkMultiThreader.cxx">
      <Filter>Source Files</Filter>
    </ClCompile>
    <ClCompile Include="src\vtkObject.cxx">
      <Filter>Source Files</Filter>
    </ClCompile>
    <ClCompile Include="src\vtkObjectBase.cxx">
      <Filter>Source Files</Filter>
    </ClCompile>
    <ClCompile Include="src\vtkObjectFactory.cxx">
      <Filter>Source Files</Filter>
    </ClCompile>
    <ClCompile Include="src\vtkObjectFactoryCollection.cxx">
      <Filter>Source Files</Filter>
    </ClCompile>
    <ClCompile Include="src\vtkOStreamWrapper.cxx">
      <Filter>Source Files</Filter>
    </ClCompile>
    <ClCompile Include="src\vtkOStrStreamWrapper.cxx">
      <Filter>Source Files</Filter>
    </ClCompile>
    <ClCompile Include="src\vtkOutputWindow.cxx">
      <Filter>Source Files</Filter>
    </ClCompile>
    <ClCompile Include="src\vtkOverrideInformation.cxx">
      <Filter>Source Files</Filter>
    </ClCompile>
    <ClCompile Include="src\vtkOverrideInformationCollection.cxx">
      <Filter>Source Files</Filter>
    </ClCompile>
    <ClCompile Include="src\vtkPoints.cxx">
      <Filter>Source Files</Filter>
    </ClCompile>
    <ClCompile Include="src\vtkPoints2D.cxx">
      <Filter>Source Files</Filter>
    </ClCompile>
    <ClCompile Include="src\vtkPriorityQueue.cxx">
      <Filter>Source Files</Filter>
    </ClCompile>
    <ClCompile Include="src\vtkRandomSequence.cxx">
      <Filter>Source Files</Filter>
    </ClCompile>
    <ClCompile Include="src\vtkScalarsToColors.cxx">
      <Filter>Source Files</Filter>
    </ClCompile>
    <ClCompile Include="src\vtkShortArray.cxx">
      <Filter>Source Files</Filter>
    </ClCompile>
    <ClCompile Include="src\vtkSignedCharArray.cxx">
      <Filter>Source Files</Filter>
    </ClCompile>
    <ClCompile Include="src\vtkSmartPointerBase.cxx">
      <Filter>Source Files</Filter>
    </ClCompile>
    <ClCompile Include="src\vtkSMPTools.cxx">
      <Filter>Source Files</Filter>
    </ClCompile>
    <ClCompile Include="src\vtkSortDataArray.cxx">
      <Filter>Source Files</Filter>
    </ClCompile>
    <ClCompile Include="src\vtkStdString.cxx">
      <Filter>Source Files</Filter>
    </ClCompile>
    <ClCompile Include="src\vtkStringArray.cxx">
      <Filter>Source Files</Filter>
    </ClCompile>
    <ClCompile Include="src\vtkStringOutputWindow.cxx">
      <Filter>Source Files</Filter>
    </ClCompile>
    <ClCompile Include="src\vtkStringToken.cxx">
      <Filter>Source Files</Filter>
    </ClCompile>
    <ClCompile Include="src\vtkTypeFloat32Array.cxx">
      <Filter>Source Files</Filter>
    </ClCompile>
    <ClCompile Include="src\vtkTypeFloat64Array.cxx">
      <Filter>Source Files</Filter>
    </ClCompile>
    <ClCompile Include="src\vtkTypeInt8Array.cxx">
      <Filter>Source Files</Filter>
    </ClCompile>
    <ClCompile Include="src\vtkTypeInt16Array.cxx">
      <Filter>Source Files</Filter>
    </ClCompile>
    <ClCompile Include="src\vtkTypeInt32Array.cxx">
      <Filter>Source Files</Filter>
    </ClCompile>
    <ClCompile Include="src\vtkTypeInt64Array.cxx">
      <Filter>Source Files</Filter>
    </ClCompile>
    <ClCompile Include="src\vtkTypeUInt8Array.cxx">
      <Filter>Source Files</Filter>
    </ClCompile>
    <ClCompile Include="src\vtkTypeUInt16Array.cxx">
      <Filter>Source Files</Filter>
    </ClCompile>
    <ClCompile Include="src\vtkTypeUInt32Array.cxx">
      <Filter>Source Files</Filter>
    </ClCompile>
    <ClCompile Include="src\vtkTypeUInt64Array.cxx">
      <Filter>Source Files</Filter>
    </ClCompile>
    <ClCompile Include="src\vtkValueFromString.cxx">
      <Filter>Source Files</Filter>
    </ClCompile>
    <ClCompile Include="src\vtkVariant.cxx">
      <Filter>Source Files</Filter>
    </ClCompile>
    <ClCompile Include="src\vtkVariantArray.cxx">
      <Filter>Source Files</Filter>
    </ClCompile>
    <ClCompile Include="src\vtkVersion.cxx">
      <Filter>Source Files</Filter>
    </ClCompile>
    <ClCompile Include="src\vtkVoidArray.cxx">
      <Filter>Source Files</Filter>
    </ClCompile>
    <ClCompile Include="src\vtkWeakPointerBase.cxx">
      <Filter>Source Files</Filter>
    </ClCompile>
    <ClCompile Include="src\vtkWin32OutputWindow.cxx">
      <Filter>Source Files</Filter>
    </ClCompile>
    <ClCompile Include="src\vtkWindow.cxx">
      <Filter>Source Files</Filter>
    </ClCompile>
    <ClCompile Include="src\vtkUnsignedCharArray.cxx">
      <Filter>Source Files</Filter>
    </ClCompile>
    <ClCompile Include="src\vtkUnsignedIntArray.cxx">
      <Filter>Source Files</Filter>
    </ClCompile>
    <ClCompile Include="src\vtkUnsignedLongArray.cxx">
      <Filter>Source Files</Filter>
    </ClCompile>
    <ClCompile Include="src\vtkUnsignedLongLongArray.cxx">
      <Filter>Source Files</Filter>
    </ClCompile>
    <ClCompile Include="src\vtkUnsignedShortArray.cxx">
      <Filter>Source Files</Filter>
    </ClCompile>
    <ClCompile Include="src\vtkBitArray.cxx">
      <Filter>Source Files</Filter>
    </ClCompile>
    <ClCompile Include="src\vtkDoubleArray.cxx">
      <Filter>Source Files</Filter>
    </ClCompile>
    <ClCompile Include="src\vtkTimeStamp.cxx">
      <Filter>Source Files</Filter>
    </ClCompile>
    <ClCompile Include="src\vtkBitArrayIterator.cxx">
      <Filter>Source Files</Filter>
    </ClCompile>
    <ClCompile Include="src\vtkArrayIterator.cxx">
      <Filter>Source Files</Filter>
    </ClCompile>
    <ClCompile Include="..\3dparty\SMP\Common\vtkSMPToolsAPI.cxx">
      <Filter>Source Files</Filter>
    </ClCompile>
    <ClCompile Include="..\3dparty\SMP\OpenMP\vtkSMPThreadLocalBackend.cxx">
      <Filter>Source Files</Filter>
    </ClCompile>
    <ClCompile Include="..\3dparty\SMP\Sequential\vtkSMPToolsImpl.cxx">
      <Filter>Source Files</Filter>
    </ClCompile>
    <ClCompile Include="..\3dparty\SMP\STDThread\vtkSMPThreadLocalBackend.cxx">
      <Filter>Source Files</Filter>
    </ClCompile>
    <ClCompile Include="..\3dparty\SMP\STDThread\vtkSMPThreadPool.cxx">
      <Filter>Source Files</Filter>
    </ClCompile>
    <ClCompile Include="..\3dparty\SMP\STDThread\vtkSMPToolsImpl.cxx">
      <Filter>Source Files</Filter>
    </ClCompile>
    <ClCompile Include="src\vtkBoxMuellerRandomSequence.cxx">
      <Filter>Source Files</Filter>
    </ClCompile>
    <ClCompile Include="src\vtkGaussianRandomSequence.cxx">
      <Filter>Source Files</Filter>
    </ClCompile>
    <ClCompile Include="src\vtkConstantArrayInstantiate_char.cxx">
      <Filter>Source Files</Filter>
    </ClCompile>
    <ClCompile Include="src\vtkConstantArrayInstantiate_double.cxx">
      <Filter>Source Files</Filter>
    </ClCompile>
    <ClCompile Include="src\vtkConstantArrayInstantiate_float.cxx">
      <Filter>Source Files</Filter>
    </ClCompile>
    <ClCompile Include="src\vtkConstantArrayInstantiate_int.cxx">
      <Filter>Source Files</Filter>
    </ClCompile>
    <ClCompile Include="src\vtkConstantArrayInstantiate_long.cxx">
      <Filter>Source Files</Filter>
    </ClCompile>
    <ClCompile Include="src\vtkConstantArrayInstantiate_long_long.cxx">
      <Filter>Source Files</Filter>
    </ClCompile>
    <ClCompile Include="src\vtkConstantArrayInstantiate_short.cxx">
      <Filter>Source Files</Filter>
    </ClCompile>
    <ClCompile Include="src\vtkConstantArrayInstantiate_signed_char.cxx">
      <Filter>Source Files</Filter>
    </ClCompile>
    <ClCompile Include="src\vtkConstantArrayInstantiate_unsigned_char.cxx">
      <Filter>Source Files</Filter>
    </ClCompile>
    <ClCompile Include="src\vtkConstantArrayInstantiate_unsigned_int.cxx">
      <Filter>Source Files</Filter>
    </ClCompile>
    <ClCompile Include="src\vtkConstantArrayInstantiate_unsigned_long.cxx">
      <Filter>Source Files</Filter>
    </ClCompile>
    <ClCompile Include="src\vtkConstantArrayInstantiate_unsigned_long_long.cxx">
      <Filter>Source Files</Filter>
    </ClCompile>
    <ClCompile Include="src\vtkConstantArrayInstantiate_unsigned_short.cxx">
      <Filter>Source Files</Filter>
    </ClCompile>
    <ClCompile Include="src\vtkConstantImplicitBackendInstantiate_char.cxx">
      <Filter>Source Files</Filter>
    </ClCompile>
    <ClCompile Include="src\vtkConstantImplicitBackendInstantiate_double.cxx">
      <Filter>Source Files</Filter>
    </ClCompile>
    <ClCompile Include="src\vtkConstantImplicitBackendInstantiate_float.cxx">
      <Filter>Source Files</Filter>
    </ClCompile>
    <ClCompile Include="src\vtkConstantImplicitBackendInstantiate_int.cxx">
      <Filter>Source Files</Filter>
    </ClCompile>
    <ClCompile Include="src\vtkConstantImplicitBackendInstantiate_long.cxx">
      <Filter>Source Files</Filter>
    </ClCompile>
    <ClCompile Include="src\vtkConstantImplicitBackendInstantiate_long_long.cxx">
      <Filter>Source Files</Filter>
    </ClCompile>
    <ClCompile Include="src\vtkConstantImplicitBackendInstantiate_short.cxx">
      <Filter>Source Files</Filter>
    </ClCompile>
    <ClCompile Include="src\vtkConstantImplicitBackendInstantiate_signed_char.cxx">
      <Filter>Source Files</Filter>
    </ClCompile>
    <ClCompile Include="src\vtkConstantImplicitBackendInstantiate_unsigned_char.cxx">
      <Filter>Source Files</Filter>
    </ClCompile>
    <ClCompile Include="src\vtkConstantImplicitBackendInstantiate_unsigned_int.cxx">
      <Filter>Source Files</Filter>
    </ClCompile>
    <ClCompile Include="src\vtkConstantImplicitBackendInstantiate_unsigned_long.cxx">
      <Filter>Source Files</Filter>
    </ClCompile>
    <ClCompile Include="src\vtkConstantImplicitBackendInstantiate_unsigned_long_long.cxx">
      <Filter>Source Files</Filter>
    </ClCompile>
    <ClCompile Include="src\vtkConstantImplicitBackendInstantiate_unsigned_short.cxx">
      <Filter>Source Files</Filter>
    </ClCompile>
    <ClCompile Include="src\vtkDataArray_CopyComponent.cxx">
      <Filter>Source Files</Filter>
    </ClCompile>
    <ClCompile Include="src\vtkDataArray_DeepCopy.cxx">
      <Filter>Source Files</Filter>
    </ClCompile>
    <ClCompile Include="src\vtkDataArray_FiniteScalarRange.cxx">
      <Filter>Source Files</Filter>
    </ClCompile>
    <ClCompile Include="src\vtkDataArray_FiniteVectorRange.cxx">
      <Filter>Source Files</Filter>
    </ClCompile>
    <ClCompile Include="src\vtkDataArray_GetTuples_ids.cxx">
      <Filter>Source Files</Filter>
    </ClCompile>
    <ClCompile Include="src\vtkDataArray_GetTuples_range.cxx">
      <Filter>Source Files</Filter>
    </ClCompile>
    <ClCompile Include="src\vtkDataArray_InsertTuples_array_idlist.cxx">
      <Filter>Source Files</Filter>
    </ClCompile>
    <ClCompile Include="src\vtkDataArray_InsertTuples_array_idlist_range.cxx">
      <Filter>Source Files</Filter>
    </ClCompile>
    <ClCompile Include="src\vtkDataArray_InsertTuples_array_range.cxx">
      <Filter>Source Files</Filter>
    </ClCompile>
    <ClCompile Include="src\vtkDataArray_InterpolateTuple_time.cxx">
      <Filter>Source Files</Filter>
    </ClCompile>
    <ClCompile Include="src\vtkDataArray_InterpolateTuple_weights.cxx">
      <Filter>Source Files</Filter>
    </ClCompile>
    <ClCompile Include="src\vtkDataArray_ScalarRange.cxx">
      <Filter>Source Files</Filter>
    </ClCompile>
    <ClCompile Include="src\vtkDataArray_SetTuple_array.cxx">
      <Filter>Source Files</Filter>
    </ClCompile>
    <ClCompile Include="src\vtkDataArray_VectorRange.cxx">
      <Filter>Source Files</Filter>
    </ClCompile>
    <ClCompile Include="src\vtkGenericDataArrayValueRangeInstantiate_long.cxx">
      <Filter>Source Files</Filter>
    </ClCompile>
    <ClCompile Include="src\vtkGenericDataArrayValueRangeInstantiate_long_long.cxx">
      <Filter>Source Files</Filter>
    </ClCompile>
    <ClCompile Include="src\vtkGenericDataArrayValueRangeInstantiate_unsigned_long.cxx">
      <Filter>Source Files</Filter>
    </ClCompile>
    <ClCompile Include="src\vtkGenericDataArrayValueRangeInstantiate_unsigned_long_long.cxx">
      <Filter>Source Files</Filter>
    </ClCompile>
    <ClCompile Include="src\vtkSOADataArrayTemplateInstantiate_char.cxx">
      <Filter>Source Files</Filter>
    </ClCompile>
    <ClCompile Include="src\vtkSOADataArrayTemplateInstantiate_double.cxx">
      <Filter>Source Files</Filter>
    </ClCompile>
    <ClCompile Include="src\vtkSOADataArrayTemplateInstantiate_float.cxx">
      <Filter>Source Files</Filter>
    </ClCompile>
    <ClCompile Include="src\vtkSOADataArrayTemplateInstantiate_int.cxx">
      <Filter>Source Files</Filter>
    </ClCompile>
    <ClCompile Include="src\vtkSOADataArrayTemplateInstantiate_long.cxx">
      <Filter>Source Files</Filter>
    </ClCompile>
    <ClCompile Include="src\vtkSOADataArrayTemplateInstantiate_long_long.cxx">
      <Filter>Source Files</Filter>
    </ClCompile>
    <ClCompile Include="src\vtkSOADataArrayTemplateInstantiate_short.cxx">
      <Filter>Source Files</Filter>
    </ClCompile>
    <ClCompile Include="src\vtkSOADataArrayTemplateInstantiate_signed_char.cxx">
      <Filter>Source Files</Filter>
    </ClCompile>
    <ClCompile Include="src\vtkSOADataArrayTemplateInstantiate_unsigned_char.cxx">
      <Filter>Source Files</Filter>
    </ClCompile>
    <ClCompile Include="src\vtkSOADataArrayTemplateInstantiate_unsigned_int.cxx">
      <Filter>Source Files</Filter>
    </ClCompile>
    <ClCompile Include="src\vtkSOADataArrayTemplateInstantiate_unsigned_long.cxx">
      <Filter>Source Files</Filter>
    </ClCompile>
    <ClCompile Include="src\vtkSOADataArrayTemplateInstantiate_unsigned_long_long.cxx">
      <Filter>Source Files</Filter>
    </ClCompile>
    <ClCompile Include="src\vtkSOADataArrayTemplateInstantiate_unsigned_short.cxx">
      <Filter>Source Files</Filter>
    </ClCompile>
    <ClCompile Include="src\vtkStructuredPointArrayInstantiate_char.cxx">
      <Filter>Source Files</Filter>
    </ClCompile>
    <ClCompile Include="src\vtkStructuredPointArrayInstantiate_double.cxx">
      <Filter>Source Files</Filter>
    </ClCompile>
    <ClCompile Include="src\vtkStructuredPointArrayInstantiate_float.cxx">
      <Filter>Source Files</Filter>
    </ClCompile>
    <ClCompile Include="src\vtkStructuredPointArrayInstantiate_int.cxx">
      <Filter>Source Files</Filter>
    </ClCompile>
    <ClCompile Include="src\vtkStructuredPointArrayInstantiate_long.cxx">
      <Filter>Source Files</Filter>
    </ClCompile>
    <ClCompile Include="src\vtkStructuredPointArrayInstantiate_long_long.cxx">
      <Filter>Source Files</Filter>
    </ClCompile>
    <ClCompile Include="src\vtkStructuredPointArrayInstantiate_short.cxx">
      <Filter>Source Files</Filter>
    </ClCompile>
    <ClCompile Include="src\vtkStructuredPointArrayInstantiate_signed_char.cxx">
      <Filter>Source Files</Filter>
    </ClCompile>
    <ClCompile Include="src\vtkStructuredPointArrayInstantiate_unsigned_char.cxx">
      <Filter>Source Files</Filter>
    </ClCompile>
    <ClCompile Include="src\vtkStructuredPointArrayInstantiate_unsigned_int.cxx">
      <Filter>Source Files</Filter>
    </ClCompile>
    <ClCompile Include="src\vtkStructuredPointArrayInstantiate_unsigned_long.cxx">
      <Filter>Source Files</Filter>
    </ClCompile>
    <ClCompile Include="src\vtkStructuredPointArrayInstantiate_unsigned_long_long.cxx">
      <Filter>Source Files</Filter>
    </ClCompile>
    <ClCompile Include="src\vtkStructuredPointArrayInstantiate_unsigned_short.cxx">
      <Filter>Source Files</Filter>
    </ClCompile>
    <ClCompile Include="src\vtkStructuredPointBackendInstantiate_char.cxx">
      <Filter>Source Files</Filter>
    </ClCompile>
    <ClCompile Include="src\vtkStructuredPointBackendInstantiate_double.cxx">
      <Filter>Source Files</Filter>
    </ClCompile>
    <ClCompile Include="src\vtkStructuredPointBackendInstantiate_float.cxx">
      <Filter>Source Files</Filter>
    </ClCompile>
    <ClCompile Include="src\vtkStructuredPointBackendInstantiate_int.cxx">
      <Filter>Source Files</Filter>
    </ClCompile>
    <ClCompile Include="src\vtkStructuredPointBackendInstantiate_long.cxx">
      <Filter>Source Files</Filter>
    </ClCompile>
    <ClCompile Include="src\vtkStructuredPointBackendInstantiate_long_long.cxx">
      <Filter>Source Files</Filter>
    </ClCompile>
    <ClCompile Include="src\vtkStructuredPointBackendInstantiate_short.cxx">
      <Filter>Source Files</Filter>
    </ClCompile>
    <ClCompile Include="src\vtkStructuredPointBackendInstantiate_signed_char.cxx">
      <Filter>Source Files</Filter>
    </ClCompile>
    <ClCompile Include="src\vtkStructuredPointBackendInstantiate_unsigned_char.cxx">
      <Filter>Source Files</Filter>
    </ClCompile>
    <ClCompile Include="src\vtkStructuredPointBackendInstantiate_unsigned_int.cxx">
      <Filter>Source Files</Filter>
    </ClCompile>
    <ClCompile Include="src\vtkStructuredPointBackendInstantiate_unsigned_long.cxx">
      <Filter>Source Files</Filter>
    </ClCompile>
    <ClCompile Include="src\vtkStructuredPointBackendInstantiate_unsigned_long_long.cxx">
      <Filter>Source Files</Filter>
    </ClCompile>
    <ClCompile Include="src\vtkStructuredPointBackendInstantiate_unsigned_short.cxx">
      <Filter>Source Files</Filter>
    </ClCompile>
    <ClCompile Include="src\vtkTypedDataArrayInstantiate_char.cxx">
      <Filter>Source Files</Filter>
    </ClCompile>
    <ClCompile Include="src\vtkTypedDataArrayInstantiate_double.cxx">
      <Filter>Source Files</Filter>
    </ClCompile>
    <ClCompile Include="src\vtkTypedDataArrayInstantiate_float.cxx">
      <Filter>Source Files</Filter>
    </ClCompile>
    <ClCompile Include="src\vtkTypedDataArrayInstantiate_int.cxx">
      <Filter>Source Files</Filter>
    </ClCompile>
    <ClCompile Include="src\vtkTypedDataArrayInstantiate_long.cxx">
      <Filter>Source Files</Filter>
    </ClCompile>
    <ClCompile Include="src\vtkTypedDataArrayInstantiate_long_long.cxx">
      <Filter>Source Files</Filter>
    </ClCompile>
    <ClCompile Include="src\vtkTypedDataArrayInstantiate_short.cxx">
      <Filter>Source Files</Filter>
    </ClCompile>
    <ClCompile Include="src\vtkTypedDataArrayInstantiate_signed_char.cxx">
      <Filter>Source Files</Filter>
    </ClCompile>
    <ClCompile Include="src\vtkTypedDataArrayInstantiate_unsigned_char.cxx">
      <Filter>Source Files</Filter>
    </ClCompile>
    <ClCompile Include="src\vtkTypedDataArrayInstantiate_unsigned_int.cxx">
      <Filter>Source Files</Filter>
    </ClCompile>
    <ClCompile Include="src\vtkTypedDataArrayInstantiate_unsigned_long.cxx">
      <Filter>Source Files</Filter>
    </ClCompile>
    <ClCompile Include="src\vtkTypedDataArrayInstantiate_unsigned_long_long.cxx">
      <Filter>Source Files</Filter>
    </ClCompile>
    <ClCompile Include="src\vtkTypedDataArrayInstantiate_unsigned_short.cxx">
      <Filter>Source Files</Filter>
    </ClCompile>
    <ClCompile Include="src\vtkStdFunctionArrayInstantiate_char.cxx">
      <Filter>Source Files</Filter>
    </ClCompile>
    <ClCompile Include="src\vtkStdFunctionArrayInstantiate_double.cxx">
      <Filter>Source Files</Filter>
    </ClCompile>
    <ClCompile Include="src\vtkStdFunctionArrayInstantiate_float.cxx">
      <Filter>Source Files</Filter>
    </ClCompile>
    <ClCompile Include="src\vtkStdFunctionArrayInstantiate_int.cxx">
      <Filter>Source Files</Filter>
    </ClCompile>
    <ClCompile Include="src\vtkStdFunctionArrayInstantiate_long.cxx">
      <Filter>Source Files</Filter>
    </ClCompile>
    <ClCompile Include="src\vtkStdFunctionArrayInstantiate_long_long.cxx">
      <Filter>Source Files</Filter>
    </ClCompile>
    <ClCompile Include="src\vtkStdFunctionArrayInstantiate_short.cxx">
      <Filter>Source Files</Filter>
    </ClCompile>
    <ClCompile Include="src\vtkStdFunctionArrayInstantiate_signed_char.cxx">
      <Filter>Source Files</Filter>
    </ClCompile>
    <ClCompile Include="src\vtkStdFunctionArrayInstantiate_unsigned_char.cxx">
      <Filter>Source Files</Filter>
    </ClCompile>
    <ClCompile Include="src\vtkStdFunctionArrayInstantiate_unsigned_int.cxx">
      <Filter>Source Files</Filter>
    </ClCompile>
    <ClCompile Include="src\vtkStdFunctionArrayInstantiate_unsigned_long.cxx">
      <Filter>Source Files</Filter>
    </ClCompile>
    <ClCompile Include="src\vtkStdFunctionArrayInstantiate_unsigned_long_long.cxx">
      <Filter>Source Files</Filter>
    </ClCompile>
    <ClCompile Include="src\vtkStdFunctionArrayInstantiate_unsigned_short.cxx">
      <Filter>Source Files</Filter>
    </ClCompile>
    <ClCompile Include="src\vtkArrayIteratorTemplateInstantiate.cxx">
      <Filter>Source Files</Filter>
    </ClCompile>
  </ItemGroup>
  <ItemGroup>
    <ClInclude Include="src\vtkAbstractArray.h">
      <Filter>Header Files</Filter>
    </ClInclude>
    <ClInclude Include="src\vtkByteSwap.h">
      <Filter>Header Files</Filter>
    </ClInclude>
    <ClInclude Include="src\vtkCallbackCommand.h">
      <Filter>Header Files</Filter>
    </ClInclude>
    <ClInclude Include="src\vtkCharArray.h">
      <Filter>Header Files</Filter>
    </ClInclude>
    <ClInclude Include="src\vtkCollection.h">
      <Filter>Header Files</Filter>
    </ClInclude>
    <ClInclude Include="src\vtkCollectionIterator.h">
      <Filter>Header Files</Filter>
    </ClInclude>
    <ClInclude Include="src\vtkCollectionRange.h">
      <Filter>Header Files</Filter>
    </ClInclude>
    <ClInclude Include="src\vtkCommand.h">
      <Filter>Header Files</Filter>
    </ClInclude>
    <ClInclude Include="src\vtkCommonCoreModule.h">
      <Filter>Header Files</Filter>
    </ClInclude>
    <ClInclude Include="src\vtkCommonInformationKeyManager.h">
      <Filter>Header Files</Filter>
    </ClInclude>
    <ClInclude Include="src\vtkCompiler.h">
      <Filter>Header Files</Filter>
    </ClInclude>
    <ClInclude Include="src\vtkConstantArray.h">
      <Filter>Header Files</Filter>
    </ClInclude>
    <ClInclude Include="src\vtkDataArray.h">
      <Filter>Header Files</Filter>
    </ClInclude>
    <ClInclude Include="src\vtkDataArrayAccessor.h">
      <Filter>Header Files</Filter>
    </ClInclude>
    <ClInclude Include="src\vtkDataArrayMeta.h">
      <Filter>Header Files</Filter>
    </ClInclude>
    <ClInclude Include="src\vtkDataArrayRange.h">
      <Filter>Header Files</Filter>
    </ClInclude>
    <ClInclude Include="src\vtkDataArrayTupleRange_AOS.h">
      <Filter>Header Files</Filter>
    </ClInclude>
    <ClInclude Include="src\vtkDataArrayTupleRange_Generic.h">
      <Filter>Header Files</Filter>
    </ClInclude>
    <ClInclude Include="src\vtkDataArrayValueRange_AOS.h">
      <Filter>Header Files</Filter>
    </ClInclude>
    <ClInclude Include="src\vtkDataArrayValueRange_Generic.h">
      <Filter>Header Files</Filter>
    </ClInclude>
    <ClInclude Include="src\vtkDebug.h">
      <Filter>Header Files</Filter>
    </ClInclude>
    <ClInclude Include="src\vtkDebugLeaks.h">
      <Filter>Header Files</Filter>
    </ClInclude>
    <ClInclude Include="src\vtkDebugLeaksManager.h">
      <Filter>Header Files</Filter>
    </ClInclude>
    <ClInclude Include="src\vtkDynamicLoader.h">
      <Filter>Header Files</Filter>
    </ClInclude>
    <ClInclude Include="src\vtkEventData.h">
      <Filter>Header Files</Filter>
    </ClInclude>
    <ClInclude Include="src\vtkEventForwarderCommand.h">
      <Filter>Header Files</Filter>
    </ClInclude>
    <ClInclude Include="src\vtkFloatArray.h">
      <Filter>Header Files</Filter>
    </ClInclude>
    <ClInclude Include="src\vtkGarbageCollector.h">
      <Filter>Header Files</Filter>
    </ClInclude>
    <ClInclude Include="src\vtkGarbageCollectorManager.h">
      <Filter>Header Files</Filter>
    </ClInclude>
    <ClInclude Include="src\vtkGenericDataArray.h">
      <Filter>Header Files</Filter>
    </ClInclude>
    <ClInclude Include="src\vtkGenericDataArrayLookupHelper.h">
      <Filter>Header Files</Filter>
    </ClInclude>
    <ClInclude Include="src\vtkHashCombiner.h">
      <Filter>Header Files</Filter>
    </ClInclude>
    <ClInclude Include="src\vtkIdList.h">
      <Filter>Header Files</Filter>
    </ClInclude>
    <ClInclude Include="src\vtkIdTypeArray.h">
      <Filter>Header Files</Filter>
    </ClInclude>
    <ClInclude Include="src\vtkImplicitArray.h">
      <Filter>Header Files</Filter>
    </ClInclude>
    <ClInclude Include="src\vtkImplicitArrayTraits.h">
      <Filter>Header Files</Filter>
    </ClInclude>
    <ClInclude Include="src\vtkIndent.h">
      <Filter>Header Files</Filter>
    </ClInclude>
    <ClInclude Include="src\vtkInformation.h">
      <Filter>Header Files</Filter>
    </ClInclude>
    <ClInclude Include="src\vtkInformationDataObjectKey.h">
      <Filter>Header Files</Filter>
    </ClInclude>
    <ClInclude Include="src\vtkInformationDoubleKey.h">
      <Filter>Header Files</Filter>
    </ClInclude>
    <ClInclude Include="src\vtkInformationDoubleVectorKey.h">
      <Filter>Header Files</Filter>
    </ClInclude>
    <ClInclude Include="src\vtkInformationIdTypeKey.h">
      <Filter>Header Files</Filter>
    </ClInclude>
    <ClInclude Include="src\vtkInformationInformationKey.h">
      <Filter>Header Files</Filter>
    </ClInclude>
    <ClInclude Include="src\vtkInformationInformationVectorKey.h">
      <Filter>Header Files</Filter>
    </ClInclude>
    <ClInclude Include="src\vtkInformationIntegerKey.h">
      <Filter>Header Files</Filter>
    </ClInclude>
    <ClInclude Include="src\vtkInformationIntegerPointerKey.h">
      <Filter>Header Files</Filter>
    </ClInclude>
    <ClInclude Include="src\vtkInformationIntegerVectorKey.h">
      <Filter>Header Files</Filter>
    </ClInclude>
    <ClInclude Include="src\vtkInformationInternals.h">
      <Filter>Header Files</Filter>
    </ClInclude>
    <ClInclude Include="src\vtkInformationIterator.h">
      <Filter>Header Files</Filter>
    </ClInclude>
    <ClInclude Include="src\vtkInformationKey.h">
      <Filter>Header Files</Filter>
    </ClInclude>
    <ClInclude Include="src\vtkInformationKeyLookup.h">
      <Filter>Header Files</Filter>
    </ClInclude>
    <ClInclude Include="src\vtkInformationKeyVectorKey.h">
      <Filter>Header Files</Filter>
    </ClInclude>
    <ClInclude Include="src\vtkInformationObjectBaseKey.h">
      <Filter>Header Files</Filter>
    </ClInclude>
    <ClInclude Include="src\vtkInformationObjectBaseVectorKey.h">
      <Filter>Header Files</Filter>
    </ClInclude>
    <ClInclude Include="src\vtkInformationRequestKey.h">
      <Filter>Header Files</Filter>
    </ClInclude>
    <ClInclude Include="src\vtkInformationStringKey.h">
      <Filter>Header Files</Filter>
    </ClInclude>
    <ClInclude Include="src\vtkInformationStringVectorKey.h">
      <Filter>Header Files</Filter>
    </ClInclude>
    <ClInclude Include="src\vtkInformationUnsignedLongKey.h">
      <Filter>Header Files</Filter>
    </ClInclude>
    <ClInclude Include="src\vtkInformationVariantKey.h">
      <Filter>Header Files</Filter>
    </ClInclude>
    <ClInclude Include="src\vtkInformationVariantVectorKey.h">
      <Filter>Header Files</Filter>
    </ClInclude>
    <ClInclude Include="src\vtkInformationVector.h">
      <Filter>Header Files</Filter>
    </ClInclude>
    <ClInclude Include="src\vtkInherits.h">
      <Filter>Header Files</Filter>
    </ClInclude>
    <ClInclude Include="src\vtkIntArray.h">
      <Filter>Header Files</Filter>
    </ClInclude>
    <ClInclude Include="src\vtkIOStream.h">
      <Filter>Header Files</Filter>
    </ClInclude>
    <ClInclude Include="src\vtkLargeInteger.h">
      <Filter>Header Files</Filter>
    </ClInclude>
    <ClInclude Include="src\vtkLegacy.h">
      <Filter>Header Files</Filter>
    </ClInclude>
    <ClInclude Include="src\vtkLogger.h">
      <Filter>Header Files</Filter>
    </ClInclude>
    <ClInclude Include="src\vtkLongArray.h">
      <Filter>Header Files</Filter>
    </ClInclude>
    <ClInclude Include="src\vtkLongLongArray.h">
      <Filter>Header Files</Filter>
    </ClInclude>
    <ClInclude Include="src\vtkLookupTable.h">
      <Filter>Header Files</Filter>
    </ClInclude>
    <ClInclude Include="src\vtkMath.h">
      <Filter>Header Files</Filter>
    </ClInclude>
    <ClInclude Include="src\vtkMathConfigure.h">
      <Filter>Header Files</Filter>
    </ClInclude>
    <ClInclude Include="src\vtkMathPrivate.hxx">
      <Filter>Header Files</Filter>
    </ClInclude>
    <ClInclude Include="src\vtkMathUtilities.h">
      <Filter>Header Files</Filter>
    </ClInclude>
    <ClInclude Include="src\vtkMeta.h">
      <Filter>Header Files</Filter>
    </ClInclude>
    <ClInclude Include="src\vtkMinimalStandardRandomSequence.h">
      <Filter>Header Files</Filter>
    </ClInclude>
    <ClInclude Include="src\vtkMultiThreader.h">
      <Filter>Header Files</Filter>
    </ClInclude>
    <ClInclude Include="src\vtkNew.h">
      <Filter>Header Files</Filter>
    </ClInclude>
    <ClInclude Include="src\vtkObject.h">
      <Filter>Header Files</Filter>
    </ClInclude>
    <ClInclude Include="src\vtkObjectBase.h">
      <Filter>Header Files</Filter>
    </ClInclude>
    <ClInclude Include="src\vtkObjectFactory.h">
      <Filter>Header Files</Filter>
    </ClInclude>
    <ClInclude Include="src\vtkObjectFactoryCollection.h">
      <Filter>Header Files</Filter>
    </ClInclude>
    <ClInclude Include="src\vtkOptions.h">
      <Filter>Header Files</Filter>
    </ClInclude>
    <ClInclude Include="src\vtkOStreamWrapper.h">
      <Filter>Header Files</Filter>
    </ClInclude>
    <ClInclude Include="src\vtkOStrStreamWrapper.h">
      <Filter>Header Files</Filter>
    </ClInclude>
    <ClInclude Include="src\vtkOutputWindow.h">
      <Filter>Header Files</Filter>
    </ClInclude>
    <ClInclude Include="src\vtkOverrideInformation.h">
      <Filter>Header Files</Filter>
    </ClInclude>
    <ClInclude Include="src\vtkOverrideInformationCollection.h">
      <Filter>Header Files</Filter>
    </ClInclude>
    <ClInclude Include="src\vtkPlatform.h">
      <Filter>Header Files</Filter>
    </ClInclude>
    <ClInclude Include="src\vtkPoints.h">
      <Filter>Header Files</Filter>
    </ClInclude>
    <ClInclude Include="src\vtkPoints2D.h">
      <Filter>Header Files</Filter>
    </ClInclude>
    <ClInclude Include="src\vtkPriorityQueue.h">
      <Filter>Header Files</Filter>
    </ClInclude>
    <ClInclude Include="src\vtkRandomSequence.h">
      <Filter>Header Files</Filter>
    </ClInclude>
    <ClInclude Include="src\vtkRange.h">
      <Filter>Header Files</Filter>
    </ClInclude>
    <ClInclude Include="src\vtkRangeIterableTraits.h">
      <Filter>Header Files</Filter>
    </ClInclude>
    <ClInclude Include="src\vtkScalarsToColors.h">
      <Filter>Header Files</Filter>
    </ClInclude>
    <ClInclude Include="src\vtkSetGet.h">
      <Filter>Header Files</Filter>
    </ClInclude>
    <ClInclude Include="src\vtkShortArray.h">
      <Filter>Header Files</Filter>
    </ClInclude>
    <ClInclude Include="src\vtkSignedCharArray.h">
      <Filter>Header Files</Filter>
    </ClInclude>
    <ClInclude Include="src\vtkSmartPointer.h">
      <Filter>Header Files</Filter>
    </ClInclude>
    <ClInclude Include="src\vtkSmartPointerBase.h">
      <Filter>Header Files</Filter>
    </ClInclude>
    <ClInclude Include="src\vtkSMP.h">
      <Filter>Header Files</Filter>
    </ClInclude>
    <ClInclude Include="src\vtkSMPThreadLocal.h">
      <Filter>Header Files</Filter>
    </ClInclude>
    <ClInclude Include="src\vtkSMPThreadLocalObject.h">
      <Filter>Header Files</Filter>
    </ClInclude>
    <ClInclude Include="src\vtkSMPTools.h">
      <Filter>Header Files</Filter>
    </ClInclude>
    <ClInclude Include="src\vtkSOADataArrayTemplate.h">
      <Filter>Header Files</Filter>
    </ClInclude>
    <ClInclude Include="src\vtkSortDataArray.h">
      <Filter>Header Files</Filter>
    </ClInclude>
    <ClInclude Include="src\vtkStdFunctionArray.h">
      <Filter>Header Files</Filter>
    </ClInclude>
    <ClInclude Include="src\vtkStdString.h">
      <Filter>Header Files</Filter>
    </ClInclude>
    <ClInclude Include="src\vtkStringArray.h">
      <Filter>Header Files</Filter>
    </ClInclude>
    <ClInclude Include="src\vtkStringOutputWindow.h">
      <Filter>Header Files</Filter>
    </ClInclude>
    <ClInclude Include="src\vtkStringToken.h">
      <Filter>Header Files</Filter>
    </ClInclude>
    <ClInclude Include="src\vtkStructuredPointArray.h">
      <Filter>Header Files</Filter>
    </ClInclude>
    <ClInclude Include="src\vtkStructuredPointBackend.h">
      <Filter>Header Files</Filter>
    </ClInclude>
    <ClInclude Include="src\vtkSystemIncludes.h">
      <Filter>Header Files</Filter>
    </ClInclude>
    <ClInclude Include="src\vtkTemplateAliasMacro.h">
      <Filter>Header Files</Filter>
    </ClInclude>
    <ClInclude Include="src\vtkThreads.h">
      <Filter>Header Files</Filter>
    </ClInclude>
    <ClInclude Include="src\vtkType.h">
      <Filter>Header Files</Filter>
    </ClInclude>
    <ClInclude Include="src\vtkTypedArray.h">
      <Filter>Header Files</Filter>
    </ClInclude>
    <ClInclude Include="src\vtkTypedDataArray.h">
      <Filter>Header Files</Filter>
    </ClInclude>
    <ClInclude Include="src\vtkTypedDataArrayIterator.h">
      <Filter>Header Files</Filter>
    </ClInclude>
    <ClInclude Include="src\vtkTypeFloat32Array.h">
      <Filter>Header Files</Filter>
    </ClInclude>
    <ClInclude Include="src\vtkTypeFloat64Array.h">
      <Filter>Header Files</Filter>
    </ClInclude>
    <ClInclude Include="src\vtkTypeInt8Array.h">
      <Filter>Header Files</Filter>
    </ClInclude>
    <ClInclude Include="src\vtkTypeInt16Array.h">
      <Filter>Header Files</Filter>
    </ClInclude>
    <ClInclude Include="src\vtkTypeInt32Array.h">
      <Filter>Header Files</Filter>
    </ClInclude>
    <ClInclude Include="src\vtkTypeInt64Array.h">
      <Filter>Header Files</Filter>
    </ClInclude>
    <ClInclude Include="src\vtkTypeList.h">
      <Filter>Header Files</Filter>
    </ClInclude>
    <ClInclude Include="src\vtkTypeListMacros.h">
      <Filter>Header Files</Filter>
    </ClInclude>
    <ClInclude Include="src\vtkTypeName.h">
      <Filter>Header Files</Filter>
    </ClInclude>
    <ClInclude Include="src\vtkTypeTraits.h">
      <Filter>Header Files</Filter>
    </ClInclude>
    <ClInclude Include="src\vtkTypeUInt8Array.h">
      <Filter>Header Files</Filter>
    </ClInclude>
    <ClInclude Include="src\vtkTypeUInt16Array.h">
      <Filter>Header Files</Filter>
    </ClInclude>
    <ClInclude Include="src\vtkTypeUInt32Array.h">
      <Filter>Header Files</Filter>
    </ClInclude>
    <ClInclude Include="src\vtkTypeUInt64Array.h">
      <Filter>Header Files</Filter>
    </ClInclude>
    <ClInclude Include="src\vtkValueFromString.h">
      <Filter>Header Files</Filter>
    </ClInclude>
    <ClInclude Include="src\vtkVariant.h">
      <Filter>Header Files</Filter>
    </ClInclude>
    <ClInclude Include="src\vtkVariantArray.h">
      <Filter>Header Files</Filter>
    </ClInclude>
    <ClInclude Include="src\vtkVariantCast.h">
      <Filter>Header Files</Filter>
    </ClInclude>
    <ClInclude Include="src\vtkVersion.h">
      <Filter>Header Files</Filter>
    </ClInclude>
    <ClInclude Include="src\vtkVersionFull.h">
      <Filter>Header Files</Filter>
    </ClInclude>
    <ClInclude Include="src\vtkVersionMacros.h">
      <Filter>Header Files</Filter>
    </ClInclude>
    <ClInclude Include="src\vtkVersionQuick.h">
      <Filter>Header Files</Filter>
    </ClInclude>
    <ClInclude Include="src\vtkVoidArray.h">
      <Filter>Header Files</Filter>
    </ClInclude>
    <ClInclude Include="src\vtkWeakPointer.h">
      <Filter>Header Files</Filter>
    </ClInclude>
    <ClInclude Include="src\vtkWeakPointerBase.h">
      <Filter>Header Files</Filter>
    </ClInclude>
    <ClInclude Include="src\vtkWin32OutputWindow.h">
      <Filter>Header Files</Filter>
    </ClInclude>
    <ClInclude Include="src\vtkWindow.h">
      <Filter>Header Files</Filter>
    </ClInclude>
    <ClInclude Include="src\vtkWindows.h">
      <Filter>Header Files</Filter>
    </ClInclude>
    <ClInclude Include="src\vtkWrappingHints.h">
      <Filter>Header Files</Filter>
    </ClInclude>
    <ClInclude Include="src\CommonCoreModule.h">
      <Filter>Header Files</Filter>
    </ClInclude>
    <ClInclude Include="src\vtkUnsignedCharArray.h">
      <Filter>Header Files</Filter>
    </ClInclude>
    <ClInclude Include="src\vtkUnsignedIntArray.h">
      <Filter>Header Files</Filter>
    </ClInclude>
    <ClInclude Include="src\vtkUnsignedLongArray.h">
      <Filter>Header Files</Filter>
    </ClInclude>
    <ClInclude Include="src\vtkUnsignedLongLongArray.h">
      <Filter>Header Files</Filter>
    </ClInclude>
    <ClInclude Include="src\vtkUnsignedShortArray.h">
      <Filter>Header Files</Filter>
    </ClInclude>
    <ClInclude Include="src\vtkBitArray.h">
      <Filter>Header Files</Filter>
    </ClInclude>
    <ClInclude Include="src\vtkDoubleArray.h">
      <Filter>Header Files</Filter>
    </ClInclude>
    <ClInclude Include="src\vtkAssume.h">
      <Filter>Header Files</Filter>
    </ClInclude>
    <ClInclude Include="src\vtk_kwiml.h">
      <Filter>Header Files</Filter>
    </ClInclude>
    <ClInclude Include="src\vtkAOSDataArrayTemplate.h">
      <Filter>Header Files</Filter>
    </ClInclude>
    <ClInclude Include="src\vtkWin32Header.h">
      <Filter>Header Files</Filter>
    </ClInclude>
    <ClInclude Include="src\vtkABI.h">
      <Filter>Header Files</Filter>
    </ClInclude>
    <ClInclude Include="src\vtkBuild.h">
      <Filter>Header Files</Filter>
    </ClInclude>
    <ClInclude Include="src\vtkTimeStamp.h">
      <Filter>Header Files</Filter>
    </ClInclude>
    <ClInclude Include="src\vtkVariantInlineOperators.h">
      <Filter>Header Files</Filter>
    </ClInclude>
    <ClInclude Include="src\vtkBitArrayIterator.h">
      <Filter>Header Files</Filter>
    </ClInclude>
    <ClInclude Include="src\vtkArrayIterator.h">
      <Filter>Header Files</Filter>
    </ClInclude>
    <ClInclude Include="src\vtkBuffer.h">
      <Filter>Header Files</Filter>
    </ClInclude>
    <ClInclude Include="src\vtkArrayDispatch.h">
      <Filter>Header Files</Filter>
    </ClInclude>
    <ClInclude Include="src\vtkArrayDispatchArrayList.h">
      <Filter>Header Files</Filter>
    </ClInclude>
    <ClInclude Include="src\vtkMatrixUtilities.h">
      <Filter>Header Files</Filter>
    </ClInclude>
    <ClInclude Include="src\vtkArrayIteratorIncludes.h">
      <Filter>Header Files</Filter>
    </ClInclude>
    <ClInclude Include="src\vtkArrayIteratorTemplate.h">
      <Filter>Header Files</Filter>
    </ClInclude>
    <ClInclude Include="src\vtkfast_float.h">
      <Filter>Header Files</Filter>
    </ClInclude>
    <ClInclude Include="..\3dparty\SMP\Common\vtkSMPThreadLocalAPI.h">
      <Filter>Header Files</Filter>
    </ClInclude>
    <ClInclude Include="..\3dparty\SMP\Common\vtkSMPThreadLocalImplAbstract.h">
      <Filter>Header Files</Filter>
    </ClInclude>
    <ClInclude Include="..\3dparty\SMP\Common\vtkSMPToolsAPI.h">
      <Filter>Header Files</Filter>
    </ClInclude>
    <ClInclude Include="..\3dparty\SMP\Common\vtkSMPToolsImpl.h">
      <Filter>Header Files</Filter>
    </ClInclude>
    <ClInclude Include="..\3dparty\SMP\Common\vtkSMPToolsInternal.h">
      <Filter>Header Files</Filter>
    </ClInclude>
    <ClInclude Include="..\3dparty\SMP\Sequential\vtkSMPThreadLocalImpl.h">
      <Filter>Header Files</Filter>
    </ClInclude>
    <ClInclude Include="..\3dparty\SMP\STDThread\vtkSMPThreadLocalBackend.h">
      <Filter>Header Files</Filter>
    </ClInclude>
    <ClInclude Include="..\3dparty\SMP\STDThread\vtkSMPThreadLocalImpl.h">
      <Filter>Header Files</Filter>
    </ClInclude>
    <ClInclude Include="..\3dparty\SMP\STDThread\vtkSMPThreadPool.h">
      <Filter>Header Files</Filter>
    </ClInclude>
    <ClInclude Include="src\vtkEndian.h">
      <Filter>Header Files</Filter>
    </ClInclude>
    <ClInclude Include="src\vtkBoxMuellerRandomSequence.h">
      <Filter>Header Files</Filter>
    </ClInclude>
    <ClInclude Include="src\vtkGaussianRandomSequence.h">
      <Filter>Header Files</Filter>
    </ClInclude>
    <ClInclude Include="src\vtkConstantImplicitBackend.h">
      <Filter>Header Files</Filter>
    </ClInclude>
    <ClInclude Include="src\vtkAutoInit.h">
      <Filter>Header Files</Filter>
    </ClInclude>
  </ItemGroup>
  <ItemGroup>
    <None Include="src\vtkDataArrayPrivate.txx">
      <Filter>Header Files</Filter>
    </None>
    <None Include="src\vtkGenericDataArray.txx">
      <Filter>Header Files</Filter>
    </None>
    <None Include="src\vtkImplicitArray.txx">
      <Filter>Header Files</Filter>
    </None>
    <None Include="src\vtkSOADataArrayTemplate.txx">
      <Filter>Header Files</Filter>
    </None>
    <None Include="src\vtkStructuredPointArray.txx">
      <Filter>Header Files</Filter>
    </None>
    <None Include="src\vtkStructuredPointBackend.txx">
      <Filter>Header Files</Filter>
    </None>
    <None Include="src\vtkTypedArray.txx">
      <Filter>Header Files</Filter>
    </None>
    <None Include="src\vtkTypedDataArray.txx">
      <Filter>Header Files</Filter>
    </None>
    <None Include="src\vtkTypeList.txx">
      <Filter>Header Files</Filter>
    </None>
    <None Include="src\vtkAOSDataArrayTemplate.txx">
      <Filter>Header Files</Filter>
    </None>
    <None Include="src\vtkArrayDispatch.txx">
      <Filter>Header Files</Filter>
    </None>
    <None Include="src\vtkArrayIteratorTemplate.txx">
      <Filter>Header Files</Filter>
    </None>
    <None Include="src\vtkArrayIteratorTemplateImplicit.txx">
      <Filter>Header Files</Filter>
    </None>
    <None Include="..\3dparty\SMP\Sequential\vtkSMPToolsImpl.txx">
      <Filter>Header Files</Filter>
    </None>
    <None Include="..\3dparty\SMP\STDThread\vtkSMPToolsImpl.txx">
      <Filter>Header Files</Filter>
    </None>
  </ItemGroup>
</Project>